
Microsoft Visual Studio Solution File, Format Version 10.00
# Visual C++ Express 2008
Project("{8BC9CEB8-8B4A-11D0-8D11-00A0C91BC942}") = "Bibim.Runtime.VC9", "Bibim.Runtime.VC9.vcproj", "{96CD7385-7B7D-4469-A86D-B19D660C595E}"
EndProject
Project("{8BC9CEB8-8B4A-11D0-8D11-00A0C91BC942}") = "Bibim.TestBed.VC9", "Bibim.TestBed.VC9.vcproj", "{05C9CFBF-20F3-4CB4-BE8D-B4A824D9EB46}"
	ProjectSection(ProjectDependencies) = postProject
		{96CD7385-7B7D-4469-A86D-B19D660C595E} = {96CD7385-7B7D-4469-A86D-B19D660C595E}
	EndProjectSection
EndProject
Global
	GlobalSection(SolutionConfigurationPlatforms) = preSolution
		Debug|Win32 = Debug|Win32
		Release|Win32 = Release|Win32
	EndGlobalSection
	GlobalSection(ProjectConfigurationPlatforms) = postSolution
		{96CD7385-7B7D-4469-A86D-B19D660C595E}.Debug|Win32.ActiveCfg = Debug|Win32
		{96CD7385-7B7D-4469-A86D-B19D660C595E}.Debug|Win32.Build.0 = Debug|Win32
		{96CD7385-7B7D-4469-A86D-B19D660C595E}.Release|Win32.ActiveCfg = Release|Win32
		{96CD7385-7B7D-4469-A86D-B19D660C595E}.Release|Win32.Build.0 = Release|Win32
		{05C9CFBF-20F3-4CB4-BE8D-B4A824D9EB46}.Debug|Win32.ActiveCfg = Debug|Win32
		{05C9CFBF-20F3-4CB4-BE8D-B4A824D9EB46}.Debug|Win32.Build.0 = Debug|Win32
		{05C9CFBF-20F3-4CB4-BE8D-B4A824D9EB46}.Release|Win32.ActiveCfg = Release|Win32
		{05C9CFBF-20F3-4CB4-BE8D-B4A824D9EB46}.Release|Win32.Build.0 = Release|Win32
	EndGlobalSection
	GlobalSection(SolutionProperties) = preSolution
		HideSolutionNode = FALSE
	EndGlobalSection
EndGlobal
