<?xml version="1.0" encoding="utf-8"?>
<Project ToolsVersion="4.0" xmlns="http://schemas.microsoft.com/developer/msbuild/2003">
  <ItemGroup>
    <Filter Include="03. Game">
      <UniqueIdentifier>{10e5b491-cb30-450a-922e-258ee494dd75}</UniqueIdentifier>
    </Filter>
    <Filter Include="03. Game\%28Asset%29">
      <UniqueIdentifier>{ad777004-d95a-4e1d-916b-7198455cd525}</UniqueIdentifier>
    </Filter>
    <Filter Include="03. Game\%28Asset%29\Providers">
      <UniqueIdentifier>{7d3015ba-e8dd-42f6-9fe9-f8088bb500f5}</UniqueIdentifier>
    </Filter>
    <Filter Include="03. Game\%28Component%29">
      <UniqueIdentifier>{fe5c9a4c-1bde-43c8-b4c2-5185bb1efb93}</UniqueIdentifier>
    </Filter>
    <Filter Include="03. Game\%28Module%29">
      <UniqueIdentifier>{5615d687-6332-41cf-b790-b35f0a33c29d}</UniqueIdentifier>
    </Filter>
    <Filter Include="03. Game\Animation">
      <UniqueIdentifier>{b457d9b8-2a25-4bd0-9427-019894910bbd}</UniqueIdentifier>
    </Filter>
    <Filter Include="03. Game\Animation\Evaluation">
      <UniqueIdentifier>{0eabff9f-2c37-4869-af64-4690b236a54a}</UniqueIdentifier>
    </Filter>
    <Filter Include="03. Game\Animation\Easing">
      <UniqueIdentifier>{e70b7888-72d8-4abe-852f-925791f4dcb1}</UniqueIdentifier>
    </Filter>
    <Filter Include="03. Game\Collision2D">
      <UniqueIdentifier>{385d5937-8caf-46f2-85c3-e00e53cc510b}</UniqueIdentifier>
    </Filter>
    <Filter Include="03. Game\Diagnostics">
      <UniqueIdentifier>{05f4ee7e-d56d-4e20-bc8c-8e00d830ff1a}</UniqueIdentifier>
    </Filter>
    <Filter Include="03. Game\Gameplay">
      <UniqueIdentifier>{05440513-dc5c-4844-ac1d-75b1e4e3f43f}</UniqueIdentifier>
    </Filter>
    <Filter Include="03. Game\Gameplay\PathFinder">
      <UniqueIdentifier>{bdbbcae6-f432-4be3-b67c-d9fe0929ace0}</UniqueIdentifier>
    </Filter>
    <Filter Include="03. Game\Scripting">
      <UniqueIdentifier>{490611d8-aec3-49fa-8acf-d6d1afe6689b}</UniqueIdentifier>
    </Filter>
    <Filter Include="03. Game\Scripting\Libraries">
      <UniqueIdentifier>{2b5c4b1f-f383-439d-bc52-8997dfdbdb2c}</UniqueIdentifier>
    </Filter>
    <Filter Include="03. Game\Startup">
      <UniqueIdentifier>{b5f0ebc1-79f3-464e-a6eb-2aff8672a5bb}</UniqueIdentifier>
    </Filter>
    <Filter Include="03. Game\UI">
      <UniqueIdentifier>{7d487e2d-cd05-45d5-807e-d483e531acc5}</UniqueIdentifier>
    </Filter>
    <Filter Include="03. Game\UI\Events">
      <UniqueIdentifier>{4949f6e5-b4fe-4ae0-90b2-5b3591014a0e}</UniqueIdentifier>
    </Filter>
    <Filter Include="03. Game\UI\Effects">
      <UniqueIdentifier>{6e19881b-2d25-4517-95a9-2fe8fe8fe843}</UniqueIdentifier>
    </Filter>
    <Filter Include="03. Game\UI\Effects\Geometry">
      <UniqueIdentifier>{13720639-ec1c-4692-aa91-81278d452ac0}</UniqueIdentifier>
    </Filter>
    <Filter Include="03. Game\UI\Effects\Pixel">
      <UniqueIdentifier>{28d03000-ae5b-4d89-b756-ca237372e796}</UniqueIdentifier>
    </Filter>
    <Filter Include="03. Game\UI\Visuals">
      <UniqueIdentifier>{cc1dd674-60e6-4e80-a46d-e27c404a3d1a}</UniqueIdentifier>
    </Filter>
    <Filter Include="03. Game\UI\Transforms">
      <UniqueIdentifier>{1bb36dcc-84d2-450e-858c-c02b816b1e11}</UniqueIdentifier>
    </Filter>
    <Filter Include="03. Game\Graphics">
      <UniqueIdentifier>{d9a96df2-01f7-40a4-84a9-952e41e0bac8}</UniqueIdentifier>
    </Filter>
    <Filter Include="03. Game\Graphics\DX9">
      <UniqueIdentifier>{111d8e5e-d29b-4bf3-acbe-69a66d65ab3d}</UniqueIdentifier>
    </Filter>
    <Filter Include="03. Game\Graphics\GLES2">
      <UniqueIdentifier>{5854e5d1-952b-4117-9c85-eb0684cb40ac}</UniqueIdentifier>
    </Filter>
    <Filter Include="03. Game\FileSystem">
      <UniqueIdentifier>{6a664566-dbce-4983-82e9-6d59d9fe6ad0}</UniqueIdentifier>
    </Filter>
    <Filter Include="03. Game\Framework">
      <UniqueIdentifier>{477cedc1-e416-4d36-8fdb-8547431fdcd3}</UniqueIdentifier>
    </Filter>
    <Filter Include="03. Game\Audio">
      <UniqueIdentifier>{37357b59-e319-4fc2-8083-58d13e2fa1e0}</UniqueIdentifier>
    </Filter>
    <Filter Include="03. Game\GFX">
      <UniqueIdentifier>{a8b6ad1f-36bd-469b-aec0-ecfd22d02913}</UniqueIdentifier>
    </Filter>
    <Filter Include="03. Game\Net">
      <UniqueIdentifier>{03178203-36f5-4ec9-8623-2df14bba62b9}</UniqueIdentifier>
    </Filter>
    <Filter Include="01. Foundation">
      <UniqueIdentifier>{e43b18ad-76cd-4b08-9179-de59f108fe18}</UniqueIdentifier>
    </Filter>
    <Filter Include="01. Foundation\%28Fundamental%29">
      <UniqueIdentifier>{40c89324-5c49-46ec-86d7-3651baa3d7d7}</UniqueIdentifier>
    </Filter>
    <Filter Include="01. Foundation\Container">
      <UniqueIdentifier>{574a1284-02b1-473b-bf3f-3eed2b3f45ad}</UniqueIdentifier>
    </Filter>
    <Filter Include="01. Foundation\Diagnostics">
      <UniqueIdentifier>{30909e91-ad06-46c1-992d-88149eb76b8b}</UniqueIdentifier>
    </Filter>
    <Filter Include="01. Foundation\Mathematics">
      <UniqueIdentifier>{5deb2265-0a2b-4ee4-8b7e-7323a35e9813}</UniqueIdentifier>
    </Filter>
    <Filter Include="01. Foundation\Utility">
      <UniqueIdentifier>{84ee35e4-01e1-4345-9a55-7977288c0804}</UniqueIdentifier>
    </Filter>
    <Filter Include="01. Foundation\%28Object%29">
      <UniqueIdentifier>{f9baa7f8-3fb0-443a-834e-dcf0b2408d04}</UniqueIdentifier>
    </Filter>
    <Filter Include="02. System">
      <UniqueIdentifier>{84521930-0e12-4c0f-9ccb-da7d42c3801a}</UniqueIdentifier>
    </Filter>
    <Filter Include="02. System\Threading">
      <UniqueIdentifier>{86922ee0-eec2-49e0-9c95-87e02955e1f2}</UniqueIdentifier>
    </Filter>
    <Filter Include="02. System\IO">
      <UniqueIdentifier>{a634bf3d-d236-4e96-9b41-7e272fa578ff}</UniqueIdentifier>
    </Filter>
    <Filter Include="04. References">
      <UniqueIdentifier>{79a147ac-c7b5-4fdd-bd1c-deacd938216e}</UniqueIdentifier>
    </Filter>
    <Filter Include="03. Game\UI\Visitors">
      <UniqueIdentifier>{b6559376-a07f-4aa8-b57e-148201ac87c1}</UniqueIdentifier>
    </Filter>
    <Filter Include="03. Game\Input">
      <UniqueIdentifier>{f3afc6cb-aad7-4cfa-95e3-15b58fd9be8c}</UniqueIdentifier>
    </Filter>
    <Filter Include="03. Game\Time">
      <UniqueIdentifier>{21bbd110-21c3-4700-8a44-0abb0939d704}</UniqueIdentifier>
    </Filter>
    <Filter Include="03. Game\Audio\AL">
      <UniqueIdentifier>{6e638c8f-c22a-46b8-9eb5-0776ec4c30a5}</UniqueIdentifier>
    </Filter>
    <Filter Include="03. Game\Typography">
      <UniqueIdentifier>{030e8e09-1ae6-4d40-8868-7237e7cdf477}</UniqueIdentifier>
    </Filter>
  </ItemGroup>
  <ItemGroup>
    <ClCompile Include="Asset\AssetLoadingTask.cpp">
      <Filter>03. Game\%28Asset%29</Filter>
    </ClCompile>
    <ClCompile Include="Asset\AssetStreamReader.cpp">
      <Filter>03. Game\%28Asset%29</Filter>
    </ClCompile>
    <ClCompile Include="Asset\GameAsset.cpp">
      <Filter>03. Game\%28Asset%29</Filter>
    </ClCompile>
    <ClCompile Include="Asset\GameAssetFactory.cpp">
      <Filter>03. Game\%28Asset%29</Filter>
    </ClCompile>
    <ClCompile Include="Asset\GameAssetStorage.cpp">
      <Filter>03. Game\%28Asset%29</Filter>
    </ClCompile>
    <ClCompile Include="Asset\AssetProvider.cpp">
      <Filter>03. Game\%28Asset%29\Providers</Filter>
    </ClCompile>
    <ClCompile Include="Asset\MPQAssetProvider.cpp">
      <Filter>03. Game\%28Asset%29\Providers</Filter>
    </ClCompile>
    <ClCompile Include="Typography\Font.cpp">
      <Filter>03. Game\Typography</Filter>
    </ClCompile>
    <ClCompile Include="Typography\FontCache.cpp">
      <Filter>03. Game\Typography</Filter>
    </ClCompile>
    <ClCompile Include="Typography\FontLibrary.cpp">
      <Filter>03. Game\Typography</Filter>
    </ClCompile>
    <ClCompile Include="Typography\FontString.cpp">
      <Filter>03. Game\Typography</Filter>
    </ClCompile>
    <ClCompile Include="Typography\Glyph.cpp">
      <Filter>03. Game\Typography</Filter>
    </ClCompile>
    <ClCompile Include="Typography\GlyphSurface.cpp">
      <Filter>03. Game\Typography</Filter>
    </ClCompile>
    <ClCompile Include="Typography\GlyphTable.cpp">
      <Filter>03. Game\Typography</Filter>
    </ClCompile>
    <ClCompile Include="Typography\TypingContext.cpp">
      <Filter>03. Game\Typography</Filter>
    </ClCompile>
    <ClCompile Include="Component\CloningContext.cpp">
      <Filter>03. Game\%28Component%29</Filter>
    </ClCompile>
    <ClCompile Include="Component\ComponentStreamReader.cpp">
      <Filter>03. Game\%28Component%29</Filter>
    </ClCompile>
    <ClCompile Include="Component\GameComponent.cpp">
      <Filter>03. Game\%28Component%29</Filter>
    </ClCompile>
    <ClCompile Include="Module\GameModule.cpp">
      <Filter>03. Game\%28Module%29</Filter>
    </ClCompile>
    <ClCompile Include="Module\GameModuleFactory.cpp">
      <Filter>03. Game\%28Module%29</Filter>
    </ClCompile>
    <ClCompile Include="Module\GameModuleNode.cpp">
      <Filter>03. Game\%28Module%29</Filter>
    </ClCompile>
    <ClCompile Include="Module\GameModuleTree.cpp">
      <Filter>03. Game\%28Module%29</Filter>
    </ClCompile>
    <ClCompile Include="Animation\Sprite.cpp">
      <Filter>03. Game\Animation</Filter>
    </ClCompile>
    <ClCompile Include="Animation\SpriteSet.cpp">
      <Filter>03. Game\Animation</Filter>
    </ClCompile>
    <ClCompile Include="Animation\EvalBoard.cpp">
      <Filter>03. Game\Animation\Evaluation</Filter>
    </ClCompile>
    <ClCompile Include="Animation\EvalConstants.cpp">
      <Filter>03. Game\Animation\Evaluation</Filter>
    </ClCompile>
    <ClCompile Include="Animation\EvalContext.cpp">
      <Filter>03. Game\Animation\Evaluation</Filter>
    </ClCompile>
    <ClCompile Include="Animation\Evals.cpp">
      <Filter>03. Game\Animation\Evaluation</Filter>
    </ClCompile>
    <ClCompile Include="Animation\EvalTimeflow.cpp">
      <Filter>03. Game\Animation\Evaluation</Filter>
    </ClCompile>
    <ClCompile Include="Animation\EvalUnitRandom.cpp">
      <Filter>03. Game\Animation\Evaluation</Filter>
    </ClCompile>
    <ClCompile Include="Animation\Ease.cpp">
      <Filter>03. Game\Animation\Easing</Filter>
    </ClCompile>
    <ClCompile Include="Animation\EasingCurves.cpp">
      <Filter>03. Game\Animation\Easing</Filter>
    </ClCompile>
    <ClCompile Include="Animation\ElasticEasingCurves.cpp">
      <Filter>03. Game\Animation\Easing</Filter>
    </ClCompile>
    <ClCompile Include="Animation\OscillationCurve.cpp">
      <Filter>03. Game\Animation\Easing</Filter>
    </ClCompile>
    <ClCompile Include="Collision2D\AxisAlignedBoxShape2D.cpp">
      <Filter>03. Game\Collision2D</Filter>
    </ClCompile>
    <ClCompile Include="Collision2D\BoxShape2D.cpp">
      <Filter>03. Game\Collision2D</Filter>
    </ClCompile>
    <ClCompile Include="Collision2D\CollisionSpace2D.cpp">
      <Filter>03. Game\Collision2D</Filter>
    </ClCompile>
    <ClCompile Include="Collision2D\IntersectShapes2D.cpp">
      <Filter>03. Game\Collision2D</Filter>
    </ClCompile>
    <ClCompile Include="Collision2D\PointShape2D.cpp">
      <Filter>03. Game\Collision2D</Filter>
    </ClCompile>
    <ClCompile Include="Collision2D\SegmentShape2D.cpp">
      <Filter>03. Game\Collision2D</Filter>
    </ClCompile>
    <ClCompile Include="Collision2D\Shape2D.cpp">
      <Filter>03. Game\Collision2D</Filter>
    </ClCompile>
    <ClCompile Include="Collision2D\SphereShape2D.cpp">
      <Filter>03. Game\Collision2D</Filter>
    </ClCompile>
    <ClCompile Include="Collision2D\UserShape2D.cpp">
      <Filter>03. Game\Collision2D</Filter>
    </ClCompile>
    <ClCompile Include="Diagnostics\CrashDump.cpp">
      <Filter>03. Game\Diagnostics</Filter>
    </ClCompile>
    <ClCompile Include="Diagnostics\FileLogger.cpp">
      <Filter>03. Game\Diagnostics</Filter>
    </ClCompile>
    <ClCompile Include="Diagnostics\Logger.cpp">
      <Filter>03. Game\Diagnostics</Filter>
    </ClCompile>
    <ClCompile Include="Diagnostics\SystemLogger.cpp">
      <Filter>03. Game\Diagnostics</Filter>
    </ClCompile>
    <ClCompile Include="Gameplay\BatchCommand.cpp">
      <Filter>03. Game\Gameplay</Filter>
    </ClCompile>
    <ClCompile Include="Gameplay\Command.cpp">
      <Filter>03. Game\Gameplay</Filter>
    </ClCompile>
    <ClCompile Include="Gameplay\CommandHistory.cpp">
      <Filter>03. Game\Gameplay</Filter>
    </ClCompile>
    <ClCompile Include="Gameplay\CommandQueue.cpp">
      <Filter>03. Game\Gameplay</Filter>
    </ClCompile>
    <ClCompile Include="Gameplay\RestorableCommand.cpp">
      <Filter>03. Game\Gameplay</Filter>
    </ClCompile>
    <ClCompile Include="Gameplay\SpatialObject2D.cpp">
      <Filter>03. Game\Gameplay</Filter>
    </ClCompile>
    <ClCompile Include="Gameplay\JumpPointPathFinder.cpp">
      <Filter>03. Game\Gameplay\PathFinder</Filter>
    </ClCompile>
    <ClCompile Include="Gameplay\PathFinder.cpp">
      <Filter>03. Game\Gameplay\PathFinder</Filter>
    </ClCompile>
    <ClCompile Include="Input\Keyboard.cpp">
      <Filter>03. Game\Input</Filter>
    </ClCompile>
    <ClCompile Include="Input\KeyboardState.cpp">
      <Filter>03. Game\Input</Filter>
    </ClCompile>
    <ClCompile Include="Input\Mouse.cpp">
      <Filter>03. Game\Input</Filter>
    </ClCompile>
    <ClCompile Include="Input\Mouse.Window.cpp">
      <Filter>03. Game\Input</Filter>
    </ClCompile>
    <ClCompile Include="Input\MouseState.cpp">
      <Filter>03. Game\Input</Filter>
    </ClCompile>
    <ClCompile Include="Scripting\Script.cpp">
      <Filter>03. Game\Scripting</Filter>
    </ClCompile>
    <ClCompile Include="Scripting\ScriptingContext.cpp">
      <Filter>03. Game\Scripting</Filter>
    </ClCompile>
    <ClCompile Include="Scripting\ScriptNativeFunctionTable.cpp">
      <Filter>03. Game\Scripting</Filter>
    </ClCompile>
    <ClCompile Include="Scripting\ScriptStack.cpp">
      <Filter>03. Game\Scripting</Filter>
    </ClCompile>
    <ClCompile Include="Scripting\ScriptThread.cpp">
      <Filter>03. Game\Scripting</Filter>
    </ClCompile>
    <ClCompile Include="Scripting\ScriptLibraryIO.cpp">
      <Filter>03. Game\Scripting\Libraries</Filter>
    </ClCompile>
    <ClCompile Include="Time\AlarmClock.cpp">
      <Filter>03. Game\Time</Filter>
    </ClCompile>
    <ClCompile Include="Time\Clock.Windows.cpp">
      <Filter>03. Game\Time</Filter>
    </ClCompile>
    <ClCompile Include="Time\SubTimeline.cpp">
      <Filter>03. Game\Time</Filter>
    </ClCompile>
    <ClCompile Include="Time\Timeline.cpp">
      <Filter>03. Game\Time</Filter>
    </ClCompile>
    <ClCompile Include="Time\TimelineGameComponent.cpp">
      <Filter>03. Game\Time</Filter>
    </ClCompile>
    <ClCompile Include="Time\TimelineGameModule.cpp">
      <Filter>03. Game\Time</Filter>
    </ClCompile>
    <ClCompile Include="Time\UpdateableGameComponent.cpp">
      <Filter>03. Game\Time</Filter>
    </ClCompile>
    <ClCompile Include="Time\UpdateableGameModule.cpp">
      <Filter>03. Game\Time</Filter>
    </ClCompile>
    <ClCompile Include="Startup\Startup.cpp">
      <Filter>03. Game\Startup</Filter>
    </ClCompile>
    <ClCompile Include="UI\UIDomain.cpp">
      <Filter>03. Game\UI</Filter>
    </ClCompile>
    <ClCompile Include="UI\UIElement.cpp">
      <Filter>03. Game\UI</Filter>
    </ClCompile>
    <ClCompile Include="UI\UILayout.cpp">
      <Filter>03. Game\UI</Filter>
    </ClCompile>
    <ClCompile Include="UI\UIRenderer.DX9.cpp">
      <Filter>03. Game\UI</Filter>
    </ClCompile>
    <ClCompile Include="UI\UIRenderer.GLES2.cpp">
      <Filter>03. Game\UI</Filter>
    </ClCompile>
    <ClCompile Include="UI\UIRendererBase.cpp">
      <Filter>03. Game\UI</Filter>
    </ClCompile>
    <ClCompile Include="UI\UISimpleDomain.cpp">
      <Filter>03. Game\UI</Filter>
    </ClCompile>
    <ClCompile Include="UI\UIAppEventDispatcher.cpp">
      <Filter>03. Game\UI\Events</Filter>
    </ClCompile>
    <ClCompile Include="UI\UIAsyncEventQueue.cpp">
      <Filter>03. Game\UI\Events</Filter>
    </ClCompile>
    <ClCompile Include="UI\UIEventArgs.cpp">
      <Filter>03. Game\UI\Events</Filter>
    </ClCompile>
    <ClCompile Include="UI\UIEventDispatcher.cpp">
      <Filter>03. Game\UI\Events</Filter>
    </ClCompile>
    <ClCompile Include="UI\UIEventHandler.cpp">
      <Filter>03. Game\UI\Events</Filter>
    </ClCompile>
    <ClCompile Include="UI\UIEventID.cpp">
      <Filter>03. Game\UI\Events</Filter>
    </ClCompile>
    <ClCompile Include="UI\UIEventMap.cpp">
      <Filter>03. Game\UI\Events</Filter>
    </ClCompile>
    <ClCompile Include="UI\UIFunctionEventHandler.cpp">
      <Filter>03. Game\UI\Events</Filter>
    </ClCompile>
    <ClCompile Include="UI\UIFunctionTable.cpp">
      <Filter>03. Game\UI\Events</Filter>
    </ClCompile>
    <ClCompile Include="UI\UIGamePadEventArgs.cpp">
      <Filter>03. Game\UI\Events</Filter>
    </ClCompile>
    <ClCompile Include="UI\UIGamePadEventDispatcher.cpp">
      <Filter>03. Game\UI\Events</Filter>
    </ClCompile>
    <ClCompile Include="UI\UIKeyboardEventArgs.cpp">
      <Filter>03. Game\UI\Events</Filter>
    </ClCompile>
    <ClCompile Include="UI\UIKeyboardEventDispatcher.cpp">
      <Filter>03. Game\UI\Events</Filter>
    </ClCompile>
    <ClCompile Include="UI\UIMouseButtonEventArgs.cpp">
      <Filter>03. Game\UI\Events</Filter>
    </ClCompile>
    <ClCompile Include="UI\UIMouseEventArgs.cpp">
      <Filter>03. Game\UI\Events</Filter>
    </ClCompile>
    <ClCompile Include="UI\UIMouseEventDispatcher.cpp">
      <Filter>03. Game\UI\Events</Filter>
    </ClCompile>
    <ClCompile Include="UI\UIMouseWheelEventArgs.cpp">
      <Filter>03. Game\UI\Events</Filter>
    </ClCompile>
    <ClCompile Include="UI\UISequentialEventHandler.cpp">
      <Filter>03. Game\UI\Events</Filter>
    </ClCompile>
    <ClCompile Include="UI\UIEffectMap.cpp">
      <Filter>03. Game\UI\Effects</Filter>
    </ClCompile>
    <ClCompile Include="UI\UIEffectStack.cpp">
      <Filter>03. Game\UI\Effects</Filter>
    </ClCompile>
    <ClCompile Include="UI\UIAfterImageEffect.cpp">
      <Filter>03. Game\UI\Effects\Geometry</Filter>
    </ClCompile>
    <ClCompile Include="UI\UIGeometryEffect.cpp">
      <Filter>03. Game\UI\Effects\Geometry</Filter>
    </ClCompile>
    <ClCompile Include="UI\UISineCurveEffect.cpp">
      <Filter>03. Game\UI\Effects\Geometry</Filter>
    </ClCompile>
    <ClCompile Include="UI\UITintEffect.cpp">
      <Filter>03. Game\UI\Effects\Geometry</Filter>
    </ClCompile>
    <ClCompile Include="UI\UIBlendingEffect.cpp">
      <Filter>03. Game\UI\Effects\Pixel</Filter>
    </ClCompile>
    <ClCompile Include="UI\UIColorMatrixEffect.cpp">
      <Filter>03. Game\UI\Effects\Pixel</Filter>
    </ClCompile>
    <ClCompile Include="UI\UIMaskEffect.cpp">
      <Filter>03. Game\UI\Effects\Pixel</Filter>
    </ClCompile>
    <ClCompile Include="UI\UIOpacityMaskEffect.cpp">
      <Filter>03. Game\UI\Effects\Pixel</Filter>
    </ClCompile>
    <ClCompile Include="UI\UIPixelEffect.cpp">
      <Filter>03. Game\UI\Effects\Pixel</Filter>
    </ClCompile>
    <ClCompile Include="UI\UIButton.cpp">
      <Filter>03. Game\UI\Visuals</Filter>
    </ClCompile>
    <ClCompile Include="UI\UICheckBox.cpp">
      <Filter>03. Game\UI\Visuals</Filter>
    </ClCompile>
    <ClCompile Include="UI\UIImage.cpp">
      <Filter>03. Game\UI\Visuals</Filter>
    </ClCompile>
    <ClCompile Include="UI\UILabel.cpp">
      <Filter>03. Game\UI\Visuals</Filter>
    </ClCompile>
    <ClCompile Include="UI\UIPanel.cpp">
      <Filter>03. Game\UI\Visuals</Filter>
    </ClCompile>
    <ClCompile Include="UI\UIRadioButton.cpp">
      <Filter>03. Game\UI\Visuals</Filter>
    </ClCompile>
    <ClCompile Include="UI\UIRect.cpp">
      <Filter>03. Game\UI\Visuals</Filter>
    </ClCompile>
    <ClCompile Include="UI\UISpark.cpp">
      <Filter>03. Game\UI\Visuals</Filter>
    </ClCompile>
    <ClCompile Include="UI\UISprite.cpp">
      <Filter>03. Game\UI\Visuals</Filter>
    </ClCompile>
    <ClCompile Include="UI\UIVideo.cpp">
      <Filter>03. Game\UI\Visuals</Filter>
    </ClCompile>
    <ClCompile Include="UI\UIVisual.cpp">
      <Filter>03. Game\UI\Visuals</Filter>
    </ClCompile>
    <ClCompile Include="UI\UIWindow.cpp">
      <Filter>03. Game\UI\Visuals</Filter>
    </ClCompile>
    <ClCompile Include="UI\UITransform.cpp">
      <Filter>03. Game\UI\Transforms</Filter>
    </ClCompile>
    <ClCompile Include="UI\UITransform2D.cpp">
      <Filter>03. Game\UI\Transforms</Filter>
    </ClCompile>
    <ClCompile Include="UI\UITransform3D.cpp">
      <Filter>03. Game\UI\Transforms</Filter>
    </ClCompile>
    <ClCompile Include="UI\UIBoundsContext.cpp">
      <Filter>03. Game\UI\Visitors</Filter>
    </ClCompile>
    <ClCompile Include="UI\UIDrawingContext.cpp">
      <Filter>03. Game\UI\Visitors</Filter>
    </ClCompile>
    <ClCompile Include="UI\UIHandledDrawingContext.cpp">
      <Filter>03. Game\UI\Visitors</Filter>
    </ClCompile>
    <ClCompile Include="UI\UIPickingContext.cpp">
      <Filter>03. Game\UI\Visitors</Filter>
    </ClCompile>
    <ClCompile Include="UI\UIVisualVisitor.cpp">
      <Filter>03. Game\UI\Visitors</Filter>
    </ClCompile>
    <ClCompile Include="Graphics\BitMask.cpp">
      <Filter>03. Game\Graphics</Filter>
    </ClCompile>
    <ClCompile Include="Graphics\GraphicsCapabilities.cpp">
      <Filter>03. Game\Graphics</Filter>
    </ClCompile>
    <ClCompile Include="Graphics\Image.cpp">
      <Filter>03. Game\Graphics</Filter>
    </ClCompile>
    <ClCompile Include="Graphics\ImageSet.cpp">
      <Filter>03. Game\Graphics</Filter>
    </ClCompile>
    <ClCompile Include="Graphics\PNGReader.cpp">
      <Filter>03. Game\Graphics</Filter>
    </ClCompile>
    <ClCompile Include="Graphics\ScreenshotPrinter.cpp">
      <Filter>03. Game\Graphics</Filter>
    </ClCompile>
    <ClCompile Include="Graphics\Window.cpp">
      <Filter>03. Game\Graphics</Filter>
    </ClCompile>
    <ClCompile Include="Graphics\DynamicTexture2D.DX9.cpp">
      <Filter>03. Game\Graphics\DX9</Filter>
    </ClCompile>
    <ClCompile Include="Graphics\GraphicsDevice.DX9.cpp">
      <Filter>03. Game\Graphics\DX9</Filter>
    </ClCompile>
    <ClCompile Include="Graphics\RenderTargetTexture2D.DX9.cpp">
      <Filter>03. Game\Graphics\DX9</Filter>
    </ClCompile>
    <ClCompile Include="Graphics\ShaderEffect.DX9.cpp">
      <Filter>03. Game\Graphics\DX9</Filter>
    </ClCompile>
    <ClCompile Include="Graphics\SourceTexture2D.DX9.cpp">
      <Filter>03. Game\Graphics\DX9</Filter>
    </ClCompile>
    <ClCompile Include="Graphics\Texture2D.DX9.cpp">
      <Filter>03. Game\Graphics\DX9</Filter>
    </ClCompile>
    <ClCompile Include="Graphics\DynamicTexture2D.GLES2.cpp">
      <Filter>03. Game\Graphics\GLES2</Filter>
    </ClCompile>
    <ClCompile Include="Graphics\GraphicsDevice.GLES2.cpp">
      <Filter>03. Game\Graphics\GLES2</Filter>
    </ClCompile>
    <ClCompile Include="Graphics\RenderTargetTexture2D.GLES2.cpp">
      <Filter>03. Game\Graphics\GLES2</Filter>
    </ClCompile>
    <ClCompile Include="Graphics\ShaderEffect.GLES2.cpp">
      <Filter>03. Game\Graphics\GLES2</Filter>
    </ClCompile>
    <ClCompile Include="Graphics\SourceTexture2D.GLES2.cpp">
      <Filter>03. Game\Graphics\GLES2</Filter>
    </ClCompile>
    <ClCompile Include="Graphics\Texture2D.GLES2.cpp">
      <Filter>03. Game\Graphics\GLES2</Filter>
    </ClCompile>
    <ClCompile Include="FileSystem\FileStream.Windows.cpp">
      <Filter>03. Game\FileSystem</Filter>
    </ClCompile>
    <ClCompile Include="FileSystem\MPQ.cpp">
      <Filter>03. Game\FileSystem</Filter>
    </ClCompile>
    <ClCompile Include="FileSystem\MPQStream.cpp">
      <Filter>03. Game\FileSystem</Filter>
    </ClCompile>
    <ClCompile Include="Framework\GameFramework.Windows.cpp">
      <Filter>03. Game\Framework</Filter>
    </ClCompile>
    <ClCompile Include="Framework\GameWindow.Windows.cpp">
      <Filter>03. Game\Framework</Filter>
    </ClCompile>
    <ClCompile Include="GFX\SparkParticleEngine.cpp">
      <Filter>03. Game\GFX</Filter>
    </ClCompile>
    <ClCompile Include="Net\HttpClient.Windows.cpp">
      <Filter>03. Game\Net</Filter>
    </ClCompile>
    <ClCompile Include="Foundation\Any.cpp">
      <Filter>01. Foundation\%28Fundamental%29</Filter>
    </ClCompile>
    <ClCompile Include="Foundation\Matrix4.cpp">
      <Filter>01. Foundation\%28Fundamental%29</Filter>
    </ClCompile>
    <ClCompile Include="Foundation\Point2.cpp">
      <Filter>01. Foundation\%28Fundamental%29</Filter>
    </ClCompile>
    <ClCompile Include="Foundation\Point3.cpp">
      <Filter>01. Foundation\%28Fundamental%29</Filter>
    </ClCompile>
    <ClCompile Include="Foundation\Point4.cpp">
      <Filter>01. Foundation\%28Fundamental%29</Filter>
    </ClCompile>
    <ClCompile Include="Foundation\Rect.cpp">
      <Filter>01. Foundation\%28Fundamental%29</Filter>
    </ClCompile>
    <ClCompile Include="Foundation\RectF.cpp">
      <Filter>01. Foundation\%28Fundamental%29</Filter>
    </ClCompile>
    <ClCompile Include="Foundation\String.cpp">
      <Filter>01. Foundation\%28Fundamental%29</Filter>
    </ClCompile>
    <ClCompile Include="Foundation\Vector2.cpp">
      <Filter>01. Foundation\%28Fundamental%29</Filter>
    </ClCompile>
    <ClCompile Include="Foundation\Vector3.cpp">
      <Filter>01. Foundation\%28Fundamental%29</Filter>
    </ClCompile>
    <ClCompile Include="Foundation\Vector4.cpp">
      <Filter>01. Foundation\%28Fundamental%29</Filter>
    </ClCompile>
    <ClCompile Include="Foundation\SequenceDictionary.cpp">
      <Filter>01. Foundation\Container</Filter>
    </ClCompile>
    <ClCompile Include="Foundation\Log.cpp">
      <Filter>01. Foundation\Diagnostics</Filter>
    </ClCompile>
    <ClCompile Include="Foundation\Geom2D.cpp">
      <Filter>01. Foundation\Mathematics</Filter>
    </ClCompile>
    <ClCompile Include="Foundation\Math.cpp">
      <Filter>01. Foundation\Mathematics</Filter>
    </ClCompile>
    <ClCompile Include="Foundation\Numerics.cpp">
      <Filter>01. Foundation\Mathematics</Filter>
    </ClCompile>
    <ClCompile Include="Foundation\AnyStorage.cpp">
      <Filter>01. Foundation\Utility</Filter>
    </ClCompile>
    <ClCompile Include="Foundation\Memory.cpp">
      <Filter>01. Foundation\Utility</Filter>
    </ClCompile>
    <ClCompile Include="Foundation\RectStorage.cpp">
      <Filter>01. Foundation\Utility</Filter>
    </ClCompile>
    <ClCompile Include="Foundation\Object.cpp">
      <Filter>01. Foundation\%28Object%29</Filter>
    </ClCompile>
    <ClCompile Include="Foundation\SharedObject.cpp">
      <Filter>01. Foundation\%28Object%29</Filter>
    </ClCompile>
    <ClCompile Include="Foundation\Environment.Windows.cpp">
      <Filter>02. System</Filter>
    </ClCompile>
    <ClCompile Include="Threading\Lock.Windows.cpp">
      <Filter>02. System\Threading</Filter>
    </ClCompile>
    <ClCompile Include="Threading\ManualLocker.cpp">
      <Filter>02. System\Threading</Filter>
    </ClCompile>
    <ClCompile Include="Threading\Thread.Windows.cpp">
      <Filter>02. System\Threading</Filter>
    </ClCompile>
    <ClCompile Include="Foundation\BinaryReader.cpp">
      <Filter>02. System\IO</Filter>
    </ClCompile>
    <ClCompile Include="Foundation\BinaryWriter.cpp">
      <Filter>02. System\IO</Filter>
    </ClCompile>
    <ClCompile Include="Foundation\DumpStream.cpp">
      <Filter>02. System\IO</Filter>
    </ClCompile>
    <ClCompile Include="Foundation\MemoryStream.cpp">
      <Filter>02. System\IO</Filter>
    </ClCompile>
    <ClCompile Include="Foundation\Stream.cpp">
      <Filter>02. System\IO</Filter>
    </ClCompile>
    <ClCompile Include="References\lua_tinker\lua_tinker.cpp">
      <Filter>04. References</Filter>
    </ClCompile>
    <ClCompile Include="Threading\Lock.Unix.cpp">
      <Filter>02. System\Threading</Filter>
    </ClCompile>
    <ClCompile Include="Threading\Thread.Unix.cpp">
      <Filter>02. System\Threading</Filter>
    </ClCompile>
    <ClCompile Include="Foundation\Environment.Android.cpp">
      <Filter>02. System</Filter>
    </ClCompile>
    <ClCompile Include="Foundation\Environment.iOS.cpp">
      <Filter>02. System</Filter>
    </ClCompile>
    <ClCompile Include="Input\Key.cpp">
      <Filter>03. Game\Input</Filter>
    </ClCompile>
    <ClCompile Include="Net\HttpClient.Curl.cpp">
      <Filter>03. Game\Net</Filter>
    </ClCompile>
    <ClCompile Include="Net\HttpClientBase.cpp">
      <Filter>03. Game\Net</Filter>
    </ClCompile>
    <ClCompile Include="Framework\GameFramework.Android.cpp">
      <Filter>03. Game\Framework</Filter>
    </ClCompile>
    <ClCompile Include="Framework\GameFrameworkBase.cpp">
      <Filter>03. Game\Framework</Filter>
    </ClCompile>
    <ClCompile Include="Framework\Lua.cpp">
      <Filter>03. Game\Framework</Filter>
    </ClCompile>
    <ClCompile Include="Framework\StandardGame.cpp">
      <Filter>03. Game\Framework</Filter>
    </ClCompile>
    <ClCompile Include="UI\UIScrollablePanel.cpp">
      <Filter>03. Game\UI\Visuals</Filter>
    </ClCompile>
    <ClCompile Include="Asset\FileAssetProviderBase.cpp">
      <Filter>03. Game\%28Asset%29\Providers</Filter>
    </ClCompile>
    <ClCompile Include="Asset\FileAssetProvider.Default.cpp">
      <Filter>03. Game\%28Asset%29\Providers</Filter>
    </ClCompile>
    <ClCompile Include="FileSystem\FileStream.Android.cpp">
      <Filter>03. Game\FileSystem</Filter>
    </ClCompile>
    <ClCompile Include="Graphics\GraphicsDeviceBase.cpp">
      <Filter>03. Game\Graphics</Filter>
    </ClCompile>
    <ClCompile Include="Graphics\GLES2.cpp">
      <Filter>03. Game\Graphics\GLES2</Filter>
    </ClCompile>
    <ClCompile Include="Framework\Preferences.cpp">
      <Filter>03. Game\Framework</Filter>
    </ClCompile>
    <ClCompile Include="UI\UIDocument.cpp">
      <Filter>03. Game\UI\Visuals</Filter>
    </ClCompile>
    <ClCompile Include="FileSystem\Path.cpp">
      <Filter>03. Game\FileSystem</Filter>
    </ClCompile>
    <ClCompile Include="UI\UIEditText.cpp">
      <Filter>03. Game\UI\Visuals</Filter>
    </ClCompile>
    <ClCompile Include="Input\IMEBase.cpp">
      <Filter>03. Game\Input</Filter>
    </ClCompile>
    <ClCompile Include="Input\IME.Windows.cpp">
      <Filter>03. Game\Input</Filter>
    </ClCompile>
    <ClCompile Include="Component\GameComponentFactory.cpp">
      <Filter>03. Game\%28Component%29</Filter>
    </ClCompile>
    <ClCompile Include="Audio\AudioDevice.AL.cpp">
      <Filter>03. Game\Audio\AL</Filter>
    </ClCompile>
    <ClCompile Include="Audio\BGM.AL.cpp">
      <Filter>03. Game\Audio\AL</Filter>
    </ClCompile>
    <ClCompile Include="Audio\SoundFX.AL.cpp">
      <Filter>03. Game\Audio\AL</Filter>
    </ClCompile>
    <ClCompile Include="Framework\GameWindow.Mobile.cpp">
      <Filter>03. Game\Framework</Filter>
    </ClCompile>
    <ClCompile Include="Framework\GameFramework.iOS.cpp">
      <Filter>03. Game\Framework</Filter>
    </ClCompile>
    <ClCompile Include="Input\Mouse.Mobile.cpp">
      <Filter>03. Game\Input</Filter>
    </ClCompile>
    <ClCompile Include="Input\IME.Mobile.cpp">
      <Filter>03. Game\Input</Filter>
    </ClCompile>
    <ClCompile Include="Time\Clock.Unix.cpp">
      <Filter>03. Game\Time</Filter>
    </ClCompile>
    <ClCompile Include="FileSystem\FileStream.iOS.cpp">
      <Filter>03. Game\FileSystem</Filter>
    </ClCompile>
    <ClCompile Include="Foundation\Color.cpp">
      <Filter>01. Foundation\%28Fundamental%29</Filter>
    </ClCompile>
    <ClCompile Include="Framework\Clipboard.Windows.cpp">
      <Filter>03. Game\Framework</Filter>
    </ClCompile>
    <ClCompile Include="Framework\Clipboard.Android.cpp">
      <Filter>03. Game\Framework</Filter>
    </ClCompile>
    <ClCompile Include="Framework\Clipboard.iOS.cpp">
      <Filter>03. Game\Framework</Filter>
    </ClCompile>
    <ClCompile Include="UI\UIRoundedRect.cpp">
      <Filter>03. Game\UI\Visuals</Filter>
    </ClCompile>
    <ClCompile Include="UI\UIEllipse.cpp">
      <Filter>03. Game\UI\Visuals</Filter>
    </ClCompile>
    <ClCompile Include="UI\UIShape.cpp">
      <Filter>03. Game\UI\Visuals</Filter>
    </ClCompile>
    <ClCompile Include="Net\NetworkStream.cpp">
      <Filter>03. Game\Net</Filter>
    </ClCompile>
    <ClCompile Include="Net\Socket.cpp">
      <Filter>03. Game\Net</Filter>
    </ClCompile>
    <ClCompile Include="Graphics\JPEGReader.cpp">
      <Filter>03. Game\Graphics</Filter>
    </ClCompile>
    <ClCompile Include="Asset\NetworkAssetProvider.cpp">
      <Filter>03. Game\%28Asset%29\Providers</Filter>
    </ClCompile>
    <ClCompile Include="Net\IPEndPoint.cpp">
      <Filter>03. Game\Net</Filter>
    </ClCompile>
  </ItemGroup>
  <ItemGroup>
    <ClInclude Include="..\..\..\Product\Include\Bibim\AssetLoadingTask.h">
      <Filter>03. Game\%28Asset%29</Filter>
    </ClInclude>
    <ClInclude Include="..\..\..\Product\Include\Bibim\AssetStreamReader.h">
      <Filter>03. Game\%28Asset%29</Filter>
    </ClInclude>
    <ClInclude Include="..\..\..\Product\Include\Bibim\GameAsset.h">
      <Filter>03. Game\%28Asset%29</Filter>
    </ClInclude>
    <ClInclude Include="..\..\..\Product\Include\Bibim\GameAssetFactory.h">
      <Filter>03. Game\%28Asset%29</Filter>
    </ClInclude>
    <ClInclude Include="..\..\..\Product\Include\Bibim\GameAssetStorage.h">
      <Filter>03. Game\%28Asset%29</Filter>
    </ClInclude>
    <ClInclude Include="..\..\..\Product\Include\Bibim\AssetProvider.h">
      <Filter>03. Game\%28Asset%29\Providers</Filter>
    </ClInclude>
    <ClInclude Include="..\..\..\Product\Include\Bibim\FileAssetProvider.h">
      <Filter>03. Game\%28Asset%29\Providers</Filter>
    </ClInclude>
    <ClInclude Include="..\..\..\Product\Include\Bibim\MPQAssetProvider.h">
      <Filter>03. Game\%28Asset%29\Providers</Filter>
    </ClInclude>
    <ClInclude Include="..\..\..\Product\Include\Bibim\Font.h">
      <Filter>03. Game\Typography</Filter>
    </ClInclude>
    <ClInclude Include="..\..\..\Product\Include\Bibim\FontCache.h">
      <Filter>03. Game\Typography</Filter>
    </ClInclude>
    <ClInclude Include="..\..\..\Product\Include\Bibim\FontLibrary.h">
      <Filter>03. Game\Typography</Filter>
    </ClInclude>
    <ClInclude Include="..\..\..\Product\Include\Bibim\FontString.h">
      <Filter>03. Game\Typography</Filter>
    </ClInclude>
    <ClInclude Include="..\..\..\Product\Include\Bibim\Glyph.h">
      <Filter>03. Game\Typography</Filter>
    </ClInclude>
    <ClInclude Include="..\..\..\Product\Include\Bibim\GlyphSurface.h">
      <Filter>03. Game\Typography</Filter>
    </ClInclude>
    <ClInclude Include="..\..\..\Product\Include\Bibim\GlyphTable.h">
      <Filter>03. Game\Typography</Filter>
    </ClInclude>
    <ClInclude Include="..\..\..\Product\Include\Bibim\TypingContext.h">
      <Filter>03. Game\Typography</Filter>
    </ClInclude>
    <ClInclude Include="..\..\..\Product\Include\Bibim\CloningContext.h">
      <Filter>03. Game\%28Component%29</Filter>
    </ClInclude>
    <ClInclude Include="..\..\..\Product\Include\Bibim\ComponentStreamReader.h">
      <Filter>03. Game\%28Component%29</Filter>
    </ClInclude>
    <ClInclude Include="..\..\..\Product\Include\Bibim\GameComponent.h">
      <Filter>03. Game\%28Component%29</Filter>
    </ClInclude>
    <ClInclude Include="..\..\..\Product\Include\Bibim\GameModule.h">
      <Filter>03. Game\%28Module%29</Filter>
    </ClInclude>
    <ClInclude Include="..\..\..\Product\Include\Bibim\GameModuleFactory.h">
      <Filter>03. Game\%28Module%29</Filter>
    </ClInclude>
    <ClInclude Include="..\..\..\Product\Include\Bibim\GameModuleNode.h">
      <Filter>03. Game\%28Module%29</Filter>
    </ClInclude>
    <ClInclude Include="..\..\..\Product\Include\Bibim\GameModuleTree.h">
      <Filter>03. Game\%28Module%29</Filter>
    </ClInclude>
    <ClInclude Include="..\..\..\Product\Include\Bibim\Sprite.h">
      <Filter>03. Game\Animation</Filter>
    </ClInclude>
    <ClInclude Include="..\..\..\Product\Include\Bibim\SpriteSet.h">
      <Filter>03. Game\Animation</Filter>
    </ClInclude>
    <ClInclude Include="..\..\..\Product\Include\Bibim\EvalBinaryOperators.h">
      <Filter>03. Game\Animation\Evaluation</Filter>
    </ClInclude>
    <ClInclude Include="..\..\..\Product\Include\Bibim\EvalBoard.h">
      <Filter>03. Game\Animation\Evaluation</Filter>
    </ClInclude>
    <ClInclude Include="..\..\..\Product\Include\Bibim\EvalCaches.h">
      <Filter>03. Game\Animation\Evaluation</Filter>
    </ClInclude>
    <ClInclude Include="..\..\..\Product\Include\Bibim\EvalConstants.h">
      <Filter>03. Game\Animation\Evaluation</Filter>
    </ClInclude>
    <ClInclude Include="..\..\..\Product\Include\Bibim\EvalContext.h">
      <Filter>03. Game\Animation\Evaluation</Filter>
    </ClInclude>
    <ClInclude Include="..\..\..\Product\Include\Bibim\EvalInterpolators.h">
      <Filter>03. Game\Animation\Evaluation</Filter>
    </ClInclude>
    <ClInclude Include="..\..\..\Product\Include\Bibim\EvalRangedSequences.h">
      <Filter>03. Game\Animation\Evaluation</Filter>
    </ClInclude>
    <ClInclude Include="..\..\..\Product\Include\Bibim\Evals.h">
      <Filter>03. Game\Animation\Evaluation</Filter>
    </ClInclude>
    <ClInclude Include="..\..\..\Product\Include\Bibim\EvalSelectors.h">
      <Filter>03. Game\Animation\Evaluation</Filter>
    </ClInclude>
    <ClInclude Include="..\..\..\Product\Include\Bibim\EvalSequenceBase.h">
      <Filter>03. Game\Animation\Evaluation</Filter>
    </ClInclude>
    <ClInclude Include="..\..\..\Product\Include\Bibim\EvalSequences.h">
      <Filter>03. Game\Animation\Evaluation</Filter>
    </ClInclude>
    <ClInclude Include="..\..\..\Product\Include\Bibim\EvalTimeflow.h">
      <Filter>03. Game\Animation\Evaluation</Filter>
    </ClInclude>
    <ClInclude Include="..\..\..\Product\Include\Bibim\EvalUnaryOperators.h">
      <Filter>03. Game\Animation\Evaluation</Filter>
    </ClInclude>
    <ClInclude Include="..\..\..\Product\Include\Bibim\EvalUnitRandom.h">
      <Filter>03. Game\Animation\Evaluation</Filter>
    </ClInclude>
    <ClInclude Include="..\..\..\Product\Include\Bibim\EvalVariables.h">
      <Filter>03. Game\Animation\Evaluation</Filter>
    </ClInclude>
    <ClInclude Include="..\..\..\Product\Include\Bibim\Sequences.h">
      <Filter>03. Game\Animation\Evaluation</Filter>
    </ClInclude>
    <ClInclude Include="..\..\..\Product\Include\Bibim\Ease.h">
      <Filter>03. Game\Animation\Easing</Filter>
    </ClInclude>
    <ClInclude Include="..\..\..\Product\Include\Bibim\EasingCurves.h">
      <Filter>03. Game\Animation\Easing</Filter>
    </ClInclude>
    <ClInclude Include="..\..\..\Product\Include\Bibim\ElasticEasingCurves.h">
      <Filter>03. Game\Animation\Easing</Filter>
    </ClInclude>
    <ClInclude Include="..\..\..\Product\Include\Bibim\OscillationCurve.h">
      <Filter>03. Game\Animation\Easing</Filter>
    </ClInclude>
    <ClInclude Include="..\..\..\Product\Include\Bibim\AxisAlignedBoxShape2D.h">
      <Filter>03. Game\Collision2D</Filter>
    </ClInclude>
    <ClInclude Include="..\..\..\Product\Include\Bibim\BoxShape2D.h">
      <Filter>03. Game\Collision2D</Filter>
    </ClInclude>
    <ClInclude Include="..\..\..\Product\Include\Bibim\CollisionSpace2D.h">
      <Filter>03. Game\Collision2D</Filter>
    </ClInclude>
    <ClInclude Include="..\..\..\Product\Include\Bibim\IntersectShapes2D.h">
      <Filter>03. Game\Collision2D</Filter>
    </ClInclude>
    <ClInclude Include="..\..\..\Product\Include\Bibim\PointShape2D.h">
      <Filter>03. Game\Collision2D</Filter>
    </ClInclude>
    <ClInclude Include="..\..\..\Product\Include\Bibim\RaycastReport2D.h">
      <Filter>03. Game\Collision2D</Filter>
    </ClInclude>
    <ClInclude Include="..\..\..\Product\Include\Bibim\SegmentShape2D.h">
      <Filter>03. Game\Collision2D</Filter>
    </ClInclude>
    <ClInclude Include="..\..\..\Product\Include\Bibim\Shape2D.h">
      <Filter>03. Game\Collision2D</Filter>
    </ClInclude>
    <ClInclude Include="..\..\..\Product\Include\Bibim\SphereShape2D.h">
      <Filter>03. Game\Collision2D</Filter>
    </ClInclude>
    <ClInclude Include="..\..\..\Product\Include\Bibim\UserShape2D.h">
      <Filter>03. Game\Collision2D</Filter>
    </ClInclude>
    <ClInclude Include="..\..\..\Product\Include\Bibim\FileLogger.h">
      <Filter>03. Game\Diagnostics</Filter>
    </ClInclude>
    <ClInclude Include="..\..\..\Product\Include\Bibim\Logger.h">
      <Filter>03. Game\Diagnostics</Filter>
    </ClInclude>
    <ClInclude Include="..\..\..\Product\Include\Bibim\SystemLogger.h">
      <Filter>03. Game\Diagnostics</Filter>
    </ClInclude>
    <ClInclude Include="..\..\..\Product\Include\Bibim\BatchCommand.h">
      <Filter>03. Game\Gameplay</Filter>
    </ClInclude>
    <ClInclude Include="..\..\..\Product\Include\Bibim\Command.h">
      <Filter>03. Game\Gameplay</Filter>
    </ClInclude>
    <ClInclude Include="..\..\..\Product\Include\Bibim\CommandHistory.h">
      <Filter>03. Game\Gameplay</Filter>
    </ClInclude>
    <ClInclude Include="..\..\..\Product\Include\Bibim\CommandQueue.h">
      <Filter>03. Game\Gameplay</Filter>
    </ClInclude>
    <ClInclude Include="..\..\..\Product\Include\Bibim\RestorableCommand.h">
      <Filter>03. Game\Gameplay</Filter>
    </ClInclude>
    <ClInclude Include="..\..\..\Product\Include\Bibim\SpatialObject2D.h">
      <Filter>03. Game\Gameplay</Filter>
    </ClInclude>
    <ClInclude Include="..\..\..\Product\Include\Bibim\JumpPointPathFinder.h">
      <Filter>03. Game\Gameplay\PathFinder</Filter>
    </ClInclude>
    <ClInclude Include="..\..\..\Product\Include\Bibim\PathFinder.h">
      <Filter>03. Game\Gameplay\PathFinder</Filter>
    </ClInclude>
    <ClInclude Include="..\..\..\Product\Include\Bibim\Key.h">
      <Filter>03. Game\Input</Filter>
    </ClInclude>
    <ClInclude Include="..\..\..\Product\Include\Bibim\Keyboard.h">
      <Filter>03. Game\Input</Filter>
    </ClInclude>
    <ClInclude Include="..\..\..\Product\Include\Bibim\KeyboardState.h">
      <Filter>03. Game\Input</Filter>
    </ClInclude>
    <ClInclude Include="..\..\..\Product\Include\Bibim\Mouse.h">
      <Filter>03. Game\Input</Filter>
    </ClInclude>
    <ClInclude Include="..\..\..\Product\Include\Bibim\MouseState.h">
      <Filter>03. Game\Input</Filter>
    </ClInclude>
    <ClInclude Include="..\..\..\Product\Include\Bibim\Script.h">
      <Filter>03. Game\Scripting</Filter>
    </ClInclude>
    <ClInclude Include="..\..\..\Product\Include\Bibim\ScriptingContext.h">
      <Filter>03. Game\Scripting</Filter>
    </ClInclude>
    <ClInclude Include="..\..\..\Product\Include\Bibim\ScriptNativeFunctionTable.h">
      <Filter>03. Game\Scripting</Filter>
    </ClInclude>
    <ClInclude Include="..\..\..\Product\Include\Bibim\ScriptStack.h">
      <Filter>03. Game\Scripting</Filter>
    </ClInclude>
    <ClInclude Include="..\..\..\Product\Include\Bibim\ScriptThread.h">
      <Filter>03. Game\Scripting</Filter>
    </ClInclude>
    <ClInclude Include="..\..\..\Product\Include\Bibim\ScriptLibraryIO.h">
      <Filter>03. Game\Scripting\Libraries</Filter>
    </ClInclude>
    <ClInclude Include="..\..\..\Product\Include\Bibim\AlarmClock.h">
      <Filter>03. Game\Time</Filter>
    </ClInclude>
    <ClInclude Include="..\..\..\Product\Include\Bibim\Clock.h">
      <Filter>03. Game\Time</Filter>
    </ClInclude>
    <ClInclude Include="..\..\..\Product\Include\Bibim\IUpdateable.h">
      <Filter>03. Game\Time</Filter>
    </ClInclude>
    <ClInclude Include="..\..\..\Product\Include\Bibim\SubTimeline.h">
      <Filter>03. Game\Time</Filter>
    </ClInclude>
    <ClInclude Include="..\..\..\Product\Include\Bibim\Timeline.h">
      <Filter>03. Game\Time</Filter>
    </ClInclude>
    <ClInclude Include="..\..\..\Product\Include\Bibim\TimelineGameComponent.h">
      <Filter>03. Game\Time</Filter>
    </ClInclude>
    <ClInclude Include="..\..\..\Product\Include\Bibim\TimelineGameModule.h">
      <Filter>03. Game\Time</Filter>
    </ClInclude>
    <ClInclude Include="..\..\..\Product\Include\Bibim\UpdateableGameComponent.h">
      <Filter>03. Game\Time</Filter>
    </ClInclude>
    <ClInclude Include="..\..\..\Product\Include\Bibim\UpdateableGameModule.h">
      <Filter>03. Game\Time</Filter>
    </ClInclude>
    <ClInclude Include="..\..\..\Product\Include\Bibim\Startup.h">
      <Filter>03. Game\Startup</Filter>
    </ClInclude>
    <ClInclude Include="..\..\..\Product\Include\Bibim\UI.h">
      <Filter>03. Game\UI</Filter>
    </ClInclude>
    <ClInclude Include="..\..\..\Product\Include\Bibim\UIDomain.h">
      <Filter>03. Game\UI</Filter>
    </ClInclude>
    <ClInclude Include="..\..\..\Product\Include\Bibim\UIElement.h">
      <Filter>03. Game\UI</Filter>
    </ClInclude>
    <ClInclude Include="..\..\..\Product\Include\Bibim\UILayout.h">
      <Filter>03. Game\UI</Filter>
    </ClInclude>
    <ClInclude Include="..\..\..\Product\Include\Bibim\UIRenderer.DX9.h">
      <Filter>03. Game\UI</Filter>
    </ClInclude>
    <ClInclude Include="..\..\..\Product\Include\Bibim\UIRenderer.GLES2.h">
      <Filter>03. Game\UI</Filter>
    </ClInclude>
    <ClInclude Include="..\..\..\Product\Include\Bibim\UIRenderer.h">
      <Filter>03. Game\UI</Filter>
    </ClInclude>
    <ClInclude Include="..\..\..\Product\Include\Bibim\UIRendererBase.h">
      <Filter>03. Game\UI</Filter>
    </ClInclude>
    <ClInclude Include="..\..\..\Product\Include\Bibim\UISimpleDomain.h">
      <Filter>03. Game\UI</Filter>
    </ClInclude>
    <ClInclude Include="..\..\..\Product\Include\Bibim\UIAppEventDispatcher.h">
      <Filter>03. Game\UI\Events</Filter>
    </ClInclude>
    <ClInclude Include="..\..\..\Product\Include\Bibim\UIAsyncEventQueue.h">
      <Filter>03. Game\UI\Events</Filter>
    </ClInclude>
    <ClInclude Include="..\..\..\Product\Include\Bibim\UIEventArgs.h">
      <Filter>03. Game\UI\Events</Filter>
    </ClInclude>
    <ClInclude Include="..\..\..\Product\Include\Bibim\UIEventDispatcher.h">
      <Filter>03. Game\UI\Events</Filter>
    </ClInclude>
    <ClInclude Include="..\..\..\Product\Include\Bibim\UIEventHandler.h">
      <Filter>03. Game\UI\Events</Filter>
    </ClInclude>
    <ClInclude Include="..\..\..\Product\Include\Bibim\UIEventID.h">
      <Filter>03. Game\UI\Events</Filter>
    </ClInclude>
    <ClInclude Include="..\..\..\Product\Include\Bibim\UIEventMap.h">
      <Filter>03. Game\UI\Events</Filter>
    </ClInclude>
    <ClInclude Include="..\..\..\Product\Include\Bibim\UIFunctionEventHandler.h">
      <Filter>03. Game\UI\Events</Filter>
    </ClInclude>
    <ClInclude Include="..\..\..\Product\Include\Bibim\UIFunctionTable.h">
      <Filter>03. Game\UI\Events</Filter>
    </ClInclude>
    <ClInclude Include="..\..\..\Product\Include\Bibim\UIGamePadEventArgs.h">
      <Filter>03. Game\UI\Events</Filter>
    </ClInclude>
    <ClInclude Include="..\..\..\Product\Include\Bibim\UIGamePadEventDispatcher.h">
      <Filter>03. Game\UI\Events</Filter>
    </ClInclude>
    <ClInclude Include="..\..\..\Product\Include\Bibim\UIKeyboardEventArgs.h">
      <Filter>03. Game\UI\Events</Filter>
    </ClInclude>
    <ClInclude Include="..\..\..\Product\Include\Bibim\UIKeyboardEventDispatcher.h">
      <Filter>03. Game\UI\Events</Filter>
    </ClInclude>
    <ClInclude Include="..\..\..\Product\Include\Bibim\UIMouseButtonEventArgs.h">
      <Filter>03. Game\UI\Events</Filter>
    </ClInclude>
    <ClInclude Include="..\..\..\Product\Include\Bibim\UIMouseEventArgs.h">
      <Filter>03. Game\UI\Events</Filter>
    </ClInclude>
    <ClInclude Include="..\..\..\Product\Include\Bibim\UIMouseEventDispatcher.h">
      <Filter>03. Game\UI\Events</Filter>
    </ClInclude>
    <ClInclude Include="..\..\..\Product\Include\Bibim\UIMouseWheelEventArgs.h">
      <Filter>03. Game\UI\Events</Filter>
    </ClInclude>
    <ClInclude Include="..\..\..\Product\Include\Bibim\UISequentialEventHandler.h">
      <Filter>03. Game\UI\Events</Filter>
    </ClInclude>
    <ClInclude Include="..\..\..\Product\Include\Bibim\UIEffectMap.h">
      <Filter>03. Game\UI\Effects</Filter>
    </ClInclude>
    <ClInclude Include="..\..\..\Product\Include\Bibim\UIEffectStack.h">
      <Filter>03. Game\UI\Effects</Filter>
    </ClInclude>
    <ClInclude Include="..\..\..\Product\Include\Bibim\UIAfterImageEffect.h">
      <Filter>03. Game\UI\Effects\Geometry</Filter>
    </ClInclude>
    <ClInclude Include="..\..\..\Product\Include\Bibim\UIGeometryEffect.h">
      <Filter>03. Game\UI\Effects\Geometry</Filter>
    </ClInclude>
    <ClInclude Include="..\..\..\Product\Include\Bibim\UISineCurveEffect.h">
      <Filter>03. Game\UI\Effects\Geometry</Filter>
    </ClInclude>
    <ClInclude Include="..\..\..\Product\Include\Bibim\UITintEffect.h">
      <Filter>03. Game\UI\Effects\Geometry</Filter>
    </ClInclude>
    <ClInclude Include="..\..\..\Product\Include\Bibim\UIBlendingEffect.h">
      <Filter>03. Game\UI\Effects\Pixel</Filter>
    </ClInclude>
    <ClInclude Include="..\..\..\Product\Include\Bibim\UIColorMatrixEffect.h">
      <Filter>03. Game\UI\Effects\Pixel</Filter>
    </ClInclude>
    <ClInclude Include="..\..\..\Product\Include\Bibim\UIMaskEffect.h">
      <Filter>03. Game\UI\Effects\Pixel</Filter>
    </ClInclude>
    <ClInclude Include="..\..\..\Product\Include\Bibim\UIOpacityMaskEffect.h">
      <Filter>03. Game\UI\Effects\Pixel</Filter>
    </ClInclude>
    <ClInclude Include="..\..\..\Product\Include\Bibim\UIPixelEffect.h">
      <Filter>03. Game\UI\Effects\Pixel</Filter>
    </ClInclude>
    <ClInclude Include="..\..\..\Product\Include\Bibim\UIButton.h">
      <Filter>03. Game\UI\Visuals</Filter>
    </ClInclude>
    <ClInclude Include="..\..\..\Product\Include\Bibim\UICheckBox.h">
      <Filter>03. Game\UI\Visuals</Filter>
    </ClInclude>
    <ClInclude Include="..\..\..\Product\Include\Bibim\UIImage.h">
      <Filter>03. Game\UI\Visuals</Filter>
    </ClInclude>
    <ClInclude Include="..\..\..\Product\Include\Bibim\UILabel.h">
      <Filter>03. Game\UI\Visuals</Filter>
    </ClInclude>
    <ClInclude Include="..\..\..\Product\Include\Bibim\UIPanel.h">
      <Filter>03. Game\UI\Visuals</Filter>
    </ClInclude>
    <ClInclude Include="..\..\..\Product\Include\Bibim\UIRadioButton.h">
      <Filter>03. Game\UI\Visuals</Filter>
    </ClInclude>
    <ClInclude Include="..\..\..\Product\Include\Bibim\UIRect.h">
      <Filter>03. Game\UI\Visuals</Filter>
    </ClInclude>
    <ClInclude Include="..\..\..\Product\Include\Bibim\UISpark.h">
      <Filter>03. Game\UI\Visuals</Filter>
    </ClInclude>
    <ClInclude Include="..\..\..\Product\Include\Bibim\UISprite.h">
      <Filter>03. Game\UI\Visuals</Filter>
    </ClInclude>
    <ClInclude Include="..\..\..\Product\Include\Bibim\UIVideo.h">
      <Filter>03. Game\UI\Visuals</Filter>
    </ClInclude>
    <ClInclude Include="..\..\..\Product\Include\Bibim\UIVisual.h">
      <Filter>03. Game\UI\Visuals</Filter>
    </ClInclude>
    <ClInclude Include="..\..\..\Product\Include\Bibim\UIWindow.h">
      <Filter>03. Game\UI\Visuals</Filter>
    </ClInclude>
    <ClInclude Include="..\..\..\Product\Include\Bibim\UITransform.h">
      <Filter>03. Game\UI\Transforms</Filter>
    </ClInclude>
    <ClInclude Include="..\..\..\Product\Include\Bibim\UITransform2D.h">
      <Filter>03. Game\UI\Transforms</Filter>
    </ClInclude>
    <ClInclude Include="..\..\..\Product\Include\Bibim\UITransform3D.h">
      <Filter>03. Game\UI\Transforms</Filter>
    </ClInclude>
    <ClInclude Include="..\..\..\Product\Include\Bibim\UIBoundsContext.h">
      <Filter>03. Game\UI\Visitors</Filter>
    </ClInclude>
    <ClInclude Include="..\..\..\Product\Include\Bibim\UIDrawingContext.h">
      <Filter>03. Game\UI\Visitors</Filter>
    </ClInclude>
    <ClInclude Include="..\..\..\Product\Include\Bibim\UIHandledDrawingContext.h">
      <Filter>03. Game\UI\Visitors</Filter>
    </ClInclude>
    <ClInclude Include="..\..\..\Product\Include\Bibim\UIPickingContext.h">
      <Filter>03. Game\UI\Visitors</Filter>
    </ClInclude>
    <ClInclude Include="..\..\..\Product\Include\Bibim\UIVisualVisitor.h">
      <Filter>03. Game\UI\Visitors</Filter>
    </ClInclude>
    <ClInclude Include="..\..\..\Product\Include\Bibim\BitMask.h">
      <Filter>03. Game\Graphics</Filter>
    </ClInclude>
    <ClInclude Include="..\..\..\Product\Include\Bibim\BlendMode.h">
      <Filter>03. Game\Graphics</Filter>
    </ClInclude>
    <ClInclude Include="..\..\..\Product\Include\Bibim\DynamicTexture2D.h">
      <Filter>03. Game\Graphics</Filter>
    </ClInclude>
    <ClInclude Include="..\..\..\Product\Include\Bibim\GraphicsCapabilities.h">
      <Filter>03. Game\Graphics</Filter>
    </ClInclude>
    <ClInclude Include="..\..\..\Product\Include\Bibim\GraphicsDevice.h">
      <Filter>03. Game\Graphics</Filter>
    </ClInclude>
    <ClInclude Include="..\..\..\Product\Include\Bibim\Image.h">
      <Filter>03. Game\Graphics</Filter>
    </ClInclude>
    <ClInclude Include="..\..\..\Product\Include\Bibim\ImageSet.h">
      <Filter>03. Game\Graphics</Filter>
    </ClInclude>
    <ClInclude Include="..\..\..\Product\Include\Bibim\PNGReader.h">
      <Filter>03. Game\Graphics</Filter>
    </ClInclude>
    <ClInclude Include="..\..\..\Product\Include\Bibim\RenderTargetTexture2D.h">
      <Filter>03. Game\Graphics</Filter>
    </ClInclude>
    <ClInclude Include="..\..\..\Product\Include\Bibim\ScreenshotPrinter.h">
      <Filter>03. Game\Graphics</Filter>
    </ClInclude>
    <ClInclude Include="..\..\..\Product\Include\Bibim\ShaderEffect.h">
      <Filter>03. Game\Graphics</Filter>
    </ClInclude>
    <ClInclude Include="..\..\..\Product\Include\Bibim\SourceTexture2D.h">
      <Filter>03. Game\Graphics</Filter>
    </ClInclude>
    <ClInclude Include="..\..\..\Product\Include\Bibim\Texture2D.h">
      <Filter>03. Game\Graphics</Filter>
    </ClInclude>
    <ClInclude Include="..\..\..\Product\Include\Bibim\Window.h">
      <Filter>03. Game\Graphics</Filter>
    </ClInclude>
    <ClInclude Include="..\..\..\Product\Include\Bibim\DynamicTexture2D.DX9.h">
      <Filter>03. Game\Graphics\DX9</Filter>
    </ClInclude>
    <ClInclude Include="..\..\..\Product\Include\Bibim\GraphicsDevice.DX9.h">
      <Filter>03. Game\Graphics\DX9</Filter>
    </ClInclude>
    <ClInclude Include="..\..\..\Product\Include\Bibim\RenderTargetTexture2D.DX9.h">
      <Filter>03. Game\Graphics\DX9</Filter>
    </ClInclude>
    <ClInclude Include="..\..\..\Product\Include\Bibim\ShaderEffect.DX9.h">
      <Filter>03. Game\Graphics\DX9</Filter>
    </ClInclude>
    <ClInclude Include="..\..\..\Product\Include\Bibim\SourceTexture2D.DX9.h">
      <Filter>03. Game\Graphics\DX9</Filter>
    </ClInclude>
    <ClInclude Include="..\..\..\Product\Include\Bibim\Texture2D.DX9.h">
      <Filter>03. Game\Graphics\DX9</Filter>
    </ClInclude>
    <ClInclude Include="..\..\..\Product\Include\Bibim\DynamicTexture2D.GLES2.h">
      <Filter>03. Game\Graphics\GLES2</Filter>
    </ClInclude>
    <ClInclude Include="..\..\..\Product\Include\Bibim\GLES2.h">
      <Filter>03. Game\Graphics\GLES2</Filter>
    </ClInclude>
    <ClInclude Include="..\..\..\Product\Include\Bibim\GraphicsDevice.GLES2.h">
      <Filter>03. Game\Graphics\GLES2</Filter>
    </ClInclude>
    <ClInclude Include="..\..\..\Product\Include\Bibim\RenderTargetTexture2D.GLES2.h">
      <Filter>03. Game\Graphics\GLES2</Filter>
    </ClInclude>
    <ClInclude Include="..\..\..\Product\Include\Bibim\ShaderEffect.GLES2.h">
      <Filter>03. Game\Graphics\GLES2</Filter>
    </ClInclude>
    <ClInclude Include="..\..\..\Product\Include\Bibim\SourceTexture2D.GLES2.h">
      <Filter>03. Game\Graphics\GLES2</Filter>
    </ClInclude>
    <ClInclude Include="..\..\..\Product\Include\Bibim\Texture2D.GLES2.h">
      <Filter>03. Game\Graphics\GLES2</Filter>
    </ClInclude>
    <ClInclude Include="..\..\..\Product\Include\Bibim\FileStream.h">
      <Filter>03. Game\FileSystem</Filter>
    </ClInclude>
    <ClInclude Include="..\..\..\Product\Include\Bibim\FileStream.Windows.h">
      <Filter>03. Game\FileSystem</Filter>
    </ClInclude>
    <ClInclude Include="..\..\..\Product\Include\Bibim\MPQ.h">
      <Filter>03. Game\FileSystem</Filter>
    </ClInclude>
    <ClInclude Include="..\..\..\Product\Include\Bibim\MPQStream.h">
      <Filter>03. Game\FileSystem</Filter>
    </ClInclude>
    <ClInclude Include="..\..\..\Product\Include\Bibim\GameFramework.h">
      <Filter>03. Game\Framework</Filter>
    </ClInclude>
    <ClInclude Include="..\..\..\Product\Include\Bibim\GameFramework.Windows.h">
      <Filter>03. Game\Framework</Filter>
    </ClInclude>
    <ClInclude Include="..\..\..\Product\Include\Bibim\GameWindow.h">
      <Filter>03. Game\Framework</Filter>
    </ClInclude>
    <ClInclude Include="..\..\..\Product\Include\Bibim\GameWindow.Windows.h">
      <Filter>03. Game\Framework</Filter>
    </ClInclude>
    <ClInclude Include="..\..\..\Product\Include\Bibim\SparkParticleEngine.h">
      <Filter>03. Game\GFX</Filter>
    </ClInclude>
    <ClInclude Include="..\..\..\Product\Include\Bibim\HttpClient.h">
      <Filter>03. Game\Net</Filter>
    </ClInclude>
    <ClInclude Include="..\..\..\Product\Include\Bibim\HttpClient.Windows.h">
      <Filter>03. Game\Net</Filter>
    </ClInclude>
    <ClInclude Include="..\..\..\Product\Include\Bibim\Any.h">
      <Filter>01. Foundation\%28Fundamental%29</Filter>
    </ClInclude>
    <ClInclude Include="..\..\..\Product\Include\Bibim\Color.h">
      <Filter>01. Foundation\%28Fundamental%29</Filter>
    </ClInclude>
    <ClInclude Include="..\..\..\Product\Include\Bibim\Matrix4.h">
      <Filter>01. Foundation\%28Fundamental%29</Filter>
    </ClInclude>
    <ClInclude Include="..\..\..\Product\Include\Bibim\NullPointer.h">
      <Filter>01. Foundation\%28Fundamental%29</Filter>
    </ClInclude>
    <ClInclude Include="..\..\..\Product\Include\Bibim\Point2.h">
      <Filter>01. Foundation\%28Fundamental%29</Filter>
    </ClInclude>
    <ClInclude Include="..\..\..\Product\Include\Bibim\Point3.h">
      <Filter>01. Foundation\%28Fundamental%29</Filter>
    </ClInclude>
    <ClInclude Include="..\..\..\Product\Include\Bibim\Point4.h">
      <Filter>01. Foundation\%28Fundamental%29</Filter>
    </ClInclude>
    <ClInclude Include="..\..\..\Product\Include\Bibim\Rect.h">
      <Filter>01. Foundation\%28Fundamental%29</Filter>
    </ClInclude>
    <ClInclude Include="..\..\..\Product\Include\Bibim\RectF.h">
      <Filter>01. Foundation\%28Fundamental%29</Filter>
    </ClInclude>
    <ClInclude Include="..\..\..\Product\Include\Bibim\String.h">
      <Filter>01. Foundation\%28Fundamental%29</Filter>
    </ClInclude>
    <ClInclude Include="..\..\..\Product\Include\Bibim\Vector2.h">
      <Filter>01. Foundation\%28Fundamental%29</Filter>
    </ClInclude>
    <ClInclude Include="..\..\..\Product\Include\Bibim\Vector3.h">
      <Filter>01. Foundation\%28Fundamental%29</Filter>
    </ClInclude>
    <ClInclude Include="..\..\..\Product\Include\Bibim\Vector4.h">
      <Filter>01. Foundation\%28Fundamental%29</Filter>
    </ClInclude>
    <ClInclude Include="..\..\..\Product\Include\Bibim\SequenceDictionary.h">
      <Filter>01. Foundation\Container</Filter>
    </ClInclude>
    <ClInclude Include="..\..\..\Product\Include\Bibim\Assert.h">
      <Filter>01. Foundation\Diagnostics</Filter>
    </ClInclude>
    <ClInclude Include="..\..\..\Product\Include\Bibim\Log.h">
      <Filter>01. Foundation\Diagnostics</Filter>
    </ClInclude>
    <ClInclude Include="..\..\..\Product\Include\Bibim\Geom2D.h">
      <Filter>01. Foundation\Mathematics</Filter>
    </ClInclude>
    <ClInclude Include="..\..\..\Product\Include\Bibim\Math.h">
      <Filter>01. Foundation\Mathematics</Filter>
    </ClInclude>
    <ClInclude Include="..\..\..\Product\Include\Bibim\Numerics.h">
      <Filter>01. Foundation\Mathematics</Filter>
    </ClInclude>
    <ClInclude Include="..\..\..\Product\Include\Bibim\AnyStorage.h">
      <Filter>01. Foundation\Utility</Filter>
    </ClInclude>
    <ClInclude Include="..\..\..\Product\Include\Bibim\Atomic.h">
      <Filter>01. Foundation\Utility</Filter>
    </ClInclude>
    <ClInclude Include="..\..\..\Product\Include\Bibim\CheckedRelease.h">
      <Filter>01. Foundation\Utility</Filter>
    </ClInclude>
    <ClInclude Include="..\..\..\Product\Include\Bibim\Delete.h">
      <Filter>01. Foundation\Utility</Filter>
    </ClInclude>
    <ClInclude Include="..\..\..\Product\Include\Bibim\Listeners.h">
      <Filter>01. Foundation\Utility</Filter>
    </ClInclude>
    <ClInclude Include="..\..\..\Product\Include\Bibim\Memory.h">
      <Filter>01. Foundation\Utility</Filter>
    </ClInclude>
    <ClInclude Include="..\..\..\Product\Include\Bibim\RectStorage.h">
      <Filter>01. Foundation\Utility</Filter>
    </ClInclude>
    <ClInclude Include="..\..\..\Product\Include\Bibim\Object.h">
      <Filter>01. Foundation\%28Object%29</Filter>
    </ClInclude>
    <ClInclude Include="..\..\..\Product\Include\Bibim\PointerCasts.h">
      <Filter>01. Foundation\%28Object%29</Filter>
    </ClInclude>
    <ClInclude Include="..\..\..\Product\Include\Bibim\SharedObject.h">
      <Filter>01. Foundation\%28Object%29</Filter>
    </ClInclude>
    <ClInclude Include="..\..\..\Product\Include\Bibim\SharedPointer.h">
      <Filter>01. Foundation\%28Object%29</Filter>
    </ClInclude>
    <ClInclude Include="..\..\..\Product\Include\Bibim\Environment.h">
      <Filter>02. System</Filter>
    </ClInclude>
    <ClInclude Include="..\..\..\Product\Include\Bibim\Environment.Windows.h">
      <Filter>02. System</Filter>
    </ClInclude>
    <ClInclude Include="..\..\..\Product\Include\Bibim\AutoLocker.h">
      <Filter>02. System\Threading</Filter>
    </ClInclude>
    <ClInclude Include="..\..\..\Product\Include\Bibim\Lock.h">
      <Filter>02. System\Threading</Filter>
    </ClInclude>
    <ClInclude Include="..\..\..\Product\Include\Bibim\Lock.Windows.h">
      <Filter>02. System\Threading</Filter>
    </ClInclude>
    <ClInclude Include="..\..\..\Product\Include\Bibim\ManualLocker.h">
      <Filter>02. System\Threading</Filter>
    </ClInclude>
    <ClInclude Include="..\..\..\Product\Include\Bibim\Thread.h">
      <Filter>02. System\Threading</Filter>
    </ClInclude>
    <ClInclude Include="..\..\..\Product\Include\Bibim\Thread.Windows.h">
      <Filter>02. System\Threading</Filter>
    </ClInclude>
    <ClInclude Include="..\..\..\Product\Include\Bibim\BinaryReader.h">
      <Filter>02. System\IO</Filter>
    </ClInclude>
    <ClInclude Include="..\..\..\Product\Include\Bibim\BinaryWriter.h">
      <Filter>02. System\IO</Filter>
    </ClInclude>
    <ClInclude Include="..\..\..\Product\Include\Bibim\DumpStream.h">
      <Filter>02. System\IO</Filter>
    </ClInclude>
    <ClInclude Include="..\..\..\Product\Include\Bibim\MemoryStream.h">
      <Filter>02. System\IO</Filter>
    </ClInclude>
    <ClInclude Include="..\..\..\Product\Include\Bibim\Stream.h">
      <Filter>02. System\IO</Filter>
    </ClInclude>
    <ClInclude Include="References\lua_tinker\lua_tinker.h">
      <Filter>04. References</Filter>
    </ClInclude>
    <ClInclude Include="..\..\..\Product\Include\Bibim\All.h" />
    <ClInclude Include="..\..\..\Product\Include\Bibim\Foundation.h" />
    <ClInclude Include="..\..\..\Product\Include\Bibim\FWD.h" />
    <ClInclude Include="..\..\..\Product\Include\Bibim\Lock.Unix.h">
      <Filter>02. System\Threading</Filter>
    </ClInclude>
    <ClInclude Include="..\..\..\Product\Include\Bibim\Thread.Unix.h">
      <Filter>02. System\Threading</Filter>
    </ClInclude>
    <ClInclude Include="..\..\..\Product\Include\Bibim\Environment.Android.h">
      <Filter>02. System</Filter>
    </ClInclude>
    <ClInclude Include="..\..\..\Product\Include\Bibim\Environment.iOS.h">
      <Filter>02. System</Filter>
    </ClInclude>
    <ClInclude Include="..\..\..\Product\Include\Bibim\AudioDevice.h">
      <Filter>03. Game\Audio</Filter>
    </ClInclude>
    <ClInclude Include="..\..\..\Product\Include\Bibim\SoundFX.h">
      <Filter>03. Game\Audio</Filter>
    </ClInclude>
    <ClInclude Include="..\..\..\Product\Include\Bibim\HttpClient.Curl.h">
      <Filter>03. Game\Net</Filter>
    </ClInclude>
    <ClInclude Include="..\..\..\Product\Include\Bibim\HttpClientBase.h">
      <Filter>03. Game\Net</Filter>
    </ClInclude>
    <ClInclude Include="..\..\..\Product\Include\Bibim\ThreadBase.h">
      <Filter>02. System\Threading</Filter>
    </ClInclude>
    <ClInclude Include="..\..\..\Product\Include\Bibim\GameFramework.Android.h">
      <Filter>03. Game\Framework</Filter>
    </ClInclude>
    <ClInclude Include="..\..\..\Product\Include\Bibim\GameFrameworkBase.h">
      <Filter>03. Game\Framework</Filter>
    </ClInclude>
    <ClInclude Include="..\..\..\Product\Include\Bibim\Lua.h">
      <Filter>03. Game\Framework</Filter>
    </ClInclude>
    <ClInclude Include="..\..\..\Product\Include\Bibim\StandardGame.h">
      <Filter>03. Game\Framework</Filter>
    </ClInclude>
    <ClInclude Include="..\..\..\Product\Include\Bibim\StandardGame.EmbeddedFont.h">
      <Filter>03. Game\Framework</Filter>
    </ClInclude>
    <ClInclude Include="..\..\..\Product\Include\Bibim\UIScrollablePanel.h">
      <Filter>03. Game\UI\Visuals</Filter>
    </ClInclude>
    <ClInclude Include="..\..\..\Product\Include\Bibim\FileAssetProviderBase.h">
      <Filter>03. Game\%28Asset%29\Providers</Filter>
    </ClInclude>
    <ClInclude Include="..\..\..\Product\Include\Bibim\FileAssetProvider.Default.h">
      <Filter>03. Game\%28Asset%29\Providers</Filter>
    </ClInclude>
    <ClInclude Include="..\..\..\Product\Include\Bibim\FileStream.Android.h">
      <Filter>03. Game\FileSystem</Filter>
    </ClInclude>
    <ClInclude Include="..\..\..\Product\Include\Bibim\GraphicsDeviceBase.h">
      <Filter>03. Game\Graphics</Filter>
    </ClInclude>
    <ClInclude Include="..\..\..\Product\Include\Bibim\Preferences.h">
      <Filter>03. Game\Framework</Filter>
    </ClInclude>
    <ClInclude Include="..\..\..\Product\Include\Bibim\UIDocument.h">
      <Filter>03. Game\UI\Visuals</Filter>
    </ClInclude>
    <ClInclude Include="..\..\..\Product\Include\Bibim\Path.h">
      <Filter>03. Game\FileSystem</Filter>
    </ClInclude>
    <ClInclude Include="..\..\..\Product\Include\Bibim\UIEditText.h">
      <Filter>03. Game\UI\Visuals</Filter>
    </ClInclude>
    <ClInclude Include="..\..\..\Product\Include\Bibim\IMEBase.h">
      <Filter>03. Game\Input</Filter>
    </ClInclude>
    <ClInclude Include="..\..\..\Product\Include\Bibim\IME.Windows.h">
      <Filter>03. Game\Input</Filter>
    </ClInclude>
    <ClInclude Include="..\..\..\Product\Include\Bibim\IME.h">
      <Filter>03. Game\Input</Filter>
    </ClInclude>
    <ClInclude Include="..\..\..\Product\Include\Bibim\GameComponentFactory.h">
      <Filter>03. Game\%28Component%29</Filter>
    </ClInclude>
    <ClInclude Include="..\..\..\Product\Include\Bibim\AudioDevice.AL.h">
      <Filter>03. Game\Audio\AL</Filter>
    </ClInclude>
    <ClInclude Include="..\..\..\Product\Include\Bibim\BGM.AL.h">
      <Filter>03. Game\Audio\AL</Filter>
    </ClInclude>
    <ClInclude Include="..\..\..\Product\Include\Bibim\SoundFX.AL.h">
      <Filter>03. Game\Audio\AL</Filter>
    </ClInclude>
    <ClInclude Include="..\..\..\Product\Include\Bibim\GameWindow.Mobile.h">
      <Filter>03. Game\Framework</Filter>
    </ClInclude>
    <ClInclude Include="..\..\..\Product\Include\Bibim\GameFramework.iOS.h">
      <Filter>03. Game\Framework</Filter>
    </ClInclude>
    <ClInclude Include="..\..\..\Product\Include\Bibim\IME.Mobile.h">
      <Filter>03. Game\Input</Filter>
    </ClInclude>
    <ClInclude Include="..\..\..\Product\Include\Bibim\FileStream.iOS.h">
      <Filter>03. Game\FileSystem</Filter>
    </ClInclude>
    <ClInclude Include="..\..\..\Product\Include\Bibim\Config.h" />
    <ClInclude Include="..\..\..\Product\Include\Bibim\Clipboard.Windows.h">
      <Filter>03. Game\Framework</Filter>
    </ClInclude>
    <ClInclude Include="..\..\..\Product\Include\Bibim\Clipboard.Android.h">
      <Filter>03. Game\Framework</Filter>
    </ClInclude>
    <ClInclude Include="..\..\..\Product\Include\Bibim\Clipboard.h">
      <Filter>03. Game\Framework</Filter>
    </ClInclude>
    <ClInclude Include="..\..\..\Product\Include\Bibim\Clipboard.iOS.h">
      <Filter>03. Game\Framework</Filter>
    </ClInclude>
    <ClInclude Include="..\..\..\Product\Include\Bibim\UIRoundedRect.h">
      <Filter>03. Game\UI\Visuals</Filter>
    </ClInclude>
    <ClInclude Include="..\..\..\Product\Include\Bibim\UIEllipse.h">
      <Filter>03. Game\UI\Visuals</Filter>
    </ClInclude>
    <ClInclude Include="..\..\..\Product\Include\Bibim\UIShape.h">
      <Filter>03. Game\UI\Visuals</Filter>
    </ClInclude>
    <ClInclude Include="..\..\..\Product\Include\Bibim\NetworkStream.h">
      <Filter>03. Game\Net</Filter>
    </ClInclude>
    <ClInclude Include="..\..\..\Product\Include\Bibim\Socket.h">
      <Filter>03. Game\Net</Filter>
    </ClInclude>
    <ClInclude Include="..\..\..\Product\Include\Bibim\JPEGReader.h">
      <Filter>03. Game\Graphics</Filter>
    </ClInclude>
    <ClInclude Include="..\..\..\Product\Include\Bibim\NetworkAssetProvider.h">
      <Filter>03. Game\%28Asset%29\Providers</Filter>
    </ClInclude>
    <ClInclude Include="..\..\..\Product\Include\Bibim\IPEndPoint.h">
      <Filter>03. Game\Net</Filter>
    </ClInclude>
    <ClInclude Include="..\..\..\Product\Include\Bibim\CrashDump.h">
      <Filter>03. Game\Diagnostics</Filter>
    </ClInclude>
  </ItemGroup>
  <ItemGroup>
    <None Include="..\..\..\Product\Include\Bibim\BGM.h">
      <Filter>03. Game\Audio</Filter>
    </None>
  </ItemGroup>
</Project>