
Microsoft Visual Studio Solution File, Format Version 11.00
# Visual C++ Express 2010
Project("{8BC9CEB8-8B4A-11D0-8D11-00A0C91BC942}") = "libpng", "libpng.vcxproj", "{CD2AB36C-C823-4A20-912A-41ACEA83ACD4}"
EndProject
Global
	GlobalSection(SolutionConfigurationPlatforms) = preSolution
		Debug|Android = Debug|Android
		Debug|Win32 = Debug|Win32
		Release|Android = Release|Android
		Release|Win32 = Release|Win32
	EndGlobalSection
	GlobalSection(ProjectConfigurationPlatforms) = postSolution
		{CD2AB36C-C823-4A20-912A-41ACEA83ACD4}.Debug|Android.ActiveCfg = Debug|Android
		{CD2AB36C-C823-4A20-912A-41ACEA83ACD4}.Debug|Android.Build.0 = Debug|Android
		{CD2AB36C-C823-4A20-912A-41ACEA83ACD4}.Debug|Android.Deploy.0 = Debug|Android
		{CD2AB36C-C823-4A20-912A-41ACEA83ACD4}.Debug|Win32.ActiveCfg = Debug|Win32
		{CD2AB36C-C823-4A20-912A-41ACEA83ACD4}.Debug|Win32.Build.0 = Debug|Win32
		{CD2AB36C-C823-4A20-912A-41ACEA83ACD4}.Release|Android.ActiveCfg = Release|Android
		{CD2AB36C-C823-4A20-912A-41ACEA83ACD4}.Release|Android.Build.0 = Release|Android
		{CD2AB36C-C823-4A20-912A-41ACEA83ACD4}.Release|Android.Deploy.0 = Release|Android
		{CD2AB36C-C823-4A20-912A-41ACEA83ACD4}.Release|Win32.ActiveCfg = Release|Win32
		{CD2AB36C-C823-4A20-912A-41ACEA83ACD4}.Release|Win32.Build.0 = Release|Win32
	EndGlobalSection
	GlobalSection(SolutionProperties) = preSolution
		HideSolutionNode = FALSE
	EndGlobalSection
EndGlobal
