Microsoft Visual Studio Solution File, Format Version 11.00
# Visual C++ Express 2010
Project("{8BC9CEB8-8B4A-11D0-8D11-00A0C91BC942}") = "libpng", "libpng\libpng.vcxproj", "{D6973076-9317-4EF2-A0B8-B7A18AC0713E}"
	ProjectSection(ProjectDependencies) = postProject
		{30873DBF-CD7D-73C4-A7F3-04CEA905C6E5} = {30873DBF-CD7D-73C4-A7F3-04CEA905C6E5}
		{EB33566E-DA7F-4D28-9077-88C0B7C77E35} = {EB33566E-DA7F-4D28-9077-88C0B7C77E35}
	EndProjectSection
EndProject
Project("{8BC9CEB8-8B4A-11D0-8D11-00A0C91BC942}") = "pngtest", "pngtest\pngtest.vcxproj", "{228BA965-50D5-42B2-8BCF-AFCC227E3C1D}"
	ProjectSection(ProjectDependencies) = postProject
		{30873DBF-CD7D-73C4-A7F3-04CEA905C6E5} = {30873DBF-CD7D-73C4-A7F3-04CEA905C6E5}
		{EB33566E-DA7F-4D28-9077-88C0B7C77E35} = {EB33566E-DA7F-4D28-9077-88C0B7C77E35}
		{D6973076-9317-4EF2-A0B8-B7A18AC0713E} = {D6973076-9317-4EF2-A0B8-B7A18AC0713E}
	EndProjectSection
EndProject
Project("{8BC9CEB8-8B4A-11D0-8D11-00A0C91BC942}") = "zlib", "zlib\zlib.vcxproj", "{30873DBF-CD7D-73C4-A7F3-04CEA905C6E5}"
EndProject
Project("{8BC9CEB8-8B4A-11D0-8D11-00A0C91BC942}") = "pngvalid", "pngvalid\pngvalid.vcxproj", "{9B36B6FE-7FC0-434F-A71F-BBEF8099F1D8}"
	ProjectSection(ProjectDependencies) = postProject
		{30873DBF-CD7D-73C4-A7F3-04CEA905C6E5} = {30873DBF-CD7D-73C4-A7F3-04CEA905C6E5}
		{EB33566E-DA7F-4D28-9077-88C0B7C77E35} = {EB33566E-DA7F-4D28-9077-88C0B7C77E35}
		{D6973076-9317-4EF2-A0B8-B7A18AC0713E} = {D6973076-9317-4EF2-A0B8-B7A18AC0713E}
	EndProjectSection
EndProject
Project("{8BC9CEB8-8B4A-11D0-8D11-00A0C91BC942}") = "pnglibconf", "pnglibconf\pnglibconf.vcxproj", "{EB33566E-DA7F-4D28-9077-88C0B7C77E35}"
EndProject
Global
	GlobalSection(SolutionConfigurationPlatforms) = preSolution
		Debug Library|Android = Debug Library|Android
		Debug Library|Win32 = Debug Library|Win32
		Debug|Android = Debug|Android
		Debug|Win32 = Debug|Win32
		Release Library|Android = Release Library|Android
		Release Library|Win32 = Release Library|Win32
		Release|Android = Release|Android
		Release|Win32 = Release|Win32
	EndGlobalSection
	GlobalSection(ProjectConfigurationPlatforms) = postSolution
		{D6973076-9317-4EF2-A0B8-B7A18AC0713E}.Debug Library|Android.ActiveCfg = Debug Library|Android
		{D6973076-9317-4EF2-A0B8-B7A18AC0713E}.Debug Library|Android.Build.0 = Debug Library|Android
		{D6973076-9317-4EF2-A0B8-B7A18AC0713E}.Debug Library|Android.Deploy.0 = Debug Library|Android
		{D6973076-9317-4EF2-A0B8-B7A18AC0713E}.Debug Library|Win32.ActiveCfg = Debug Library|Win32
		{D6973076-9317-4EF2-A0B8-B7A18AC0713E}.Debug Library|Win32.Build.0 = Debug Library|Win32
		{D6973076-9317-4EF2-A0B8-B7A18AC0713E}.Debug|Android.ActiveCfg = Debug|Android
		{D6973076-9317-4EF2-A0B8-B7A18AC0713E}.Debug|Android.Build.0 = Debug|Android
		{D6973076-9317-4EF2-A0B8-B7A18AC0713E}.Debug|Android.Deploy.0 = Debug|Android
		{D6973076-9317-4EF2-A0B8-B7A18AC0713E}.Debug|Win32.ActiveCfg = Debug|Win32
		{D6973076-9317-4EF2-A0B8-B7A18AC0713E}.Debug|Win32.Build.0 = Debug|Win32
		{D6973076-9317-4EF2-A0B8-B7A18AC0713E}.Release Library|Android.ActiveCfg = Release Library|Android
		{D6973076-9317-4EF2-A0B8-B7A18AC0713E}.Release Library|Android.Build.0 = Release Library|Android
		{D6973076-9317-4EF2-A0B8-B7A18AC0713E}.Release Library|Android.Deploy.0 = Release Library|Android
		{D6973076-9317-4EF2-A0B8-B7A18AC0713E}.Release Library|Win32.ActiveCfg = Release Library|Win32
		{D6973076-9317-4EF2-A0B8-B7A18AC0713E}.Release Library|Win32.Build.0 = Release Library|Win32
		{D6973076-9317-4EF2-A0B8-B7A18AC0713E}.Release|Android.ActiveCfg = Release|Android
		{D6973076-9317-4EF2-A0B8-B7A18AC0713E}.Release|Android.Build.0 = Release|Android
		{D6973076-9317-4EF2-A0B8-B7A18AC0713E}.Release|Android.Deploy.0 = Release|Android
		{D6973076-9317-4EF2-A0B8-B7A18AC0713E}.Release|Win32.ActiveCfg = Release|Win32
		{D6973076-9317-4EF2-A0B8-B7A18AC0713E}.Release|Win32.Build.0 = Release|Win32
		{228BA965-50D5-42B2-8BCF-AFCC227E3C1D}.Debug Library|Android.ActiveCfg = Debug Library|Android
		{228BA965-50D5-42B2-8BCF-AFCC227E3C1D}.Debug Library|Android.Build.0 = Debug Library|Android
		{228BA965-50D5-42B2-8BCF-AFCC227E3C1D}.Debug Library|Android.Deploy.0 = Debug Library|Android
		{228BA965-50D5-42B2-8BCF-AFCC227E3C1D}.Debug Library|Win32.ActiveCfg = Debug Library|Win32
		{228BA965-50D5-42B2-8BCF-AFCC227E3C1D}.Debug Library|Win32.Build.0 = Debug Library|Win32
		{228BA965-50D5-42B2-8BCF-AFCC227E3C1D}.Debug|Android.ActiveCfg = Debug|Android
		{228BA965-50D5-42B2-8BCF-AFCC227E3C1D}.Debug|Android.Build.0 = Debug|Android
		{228BA965-50D5-42B2-8BCF-AFCC227E3C1D}.Debug|Android.Deploy.0 = Debug|Android
		{228BA965-50D5-42B2-8BCF-AFCC227E3C1D}.Debug|Win32.ActiveCfg = Debug|Win32
		{228BA965-50D5-42B2-8BCF-AFCC227E3C1D}.Debug|Win32.Build.0 = Debug|Win32
		{228BA965-50D5-42B2-8BCF-AFCC227E3C1D}.Release Library|Android.ActiveCfg = Release Library|Android
		{228BA965-50D5-42B2-8BCF-AFCC227E3C1D}.Release Library|Android.Build.0 = Release Library|Android
		{228BA965-50D5-42B2-8BCF-AFCC227E3C1D}.Release Library|Android.Deploy.0 = Release Library|Android
		{228BA965-50D5-42B2-8BCF-AFCC227E3C1D}.Release Library|Win32.ActiveCfg = Release Library|Win32
		{228BA965-50D5-42B2-8BCF-AFCC227E3C1D}.Release Library|Win32.Build.0 = Release Library|Win32
		{228BA965-50D5-42B2-8BCF-AFCC227E3C1D}.Release|Android.ActiveCfg = Release|Android
		{228BA965-50D5-42B2-8BCF-AFCC227E3C1D}.Release|Android.Build.0 = Release|Android
		{228BA965-50D5-42B2-8BCF-AFCC227E3C1D}.Release|Android.Deploy.0 = Release|Android
		{228BA965-50D5-42B2-8BCF-AFCC227E3C1D}.Release|Win32.ActiveCfg = Release|Win32
		{228BA965-50D5-42B2-8BCF-AFCC227E3C1D}.Release|Win32.Build.0 = Release|Win32
		{30873DBF-CD7D-73C4-A7F3-04CEA905C6E5}.Debug Library|Android.ActiveCfg = Debug Library|Android
		{30873DBF-CD7D-73C4-A7F3-04CEA905C6E5}.Debug Library|Android.Build.0 = Debug Library|Android
		{30873DBF-CD7D-73C4-A7F3-04CEA905C6E5}.Debug Library|Android.Deploy.0 = Debug Library|Android
		{30873DBF-CD7D-73C4-A7F3-04CEA905C6E5}.Debug Library|Win32.ActiveCfg = Debug Library|Win32
		{30873DBF-CD7D-73C4-A7F3-04CEA905C6E5}.Debug Library|Win32.Build.0 = Debug Library|Win32
		{30873DBF-CD7D-73C4-A7F3-04CEA905C6E5}.Debug|Android.ActiveCfg = Debug|Android
		{30873DBF-CD7D-73C4-A7F3-04CEA905C6E5}.Debug|Android.Build.0 = Debug|Android
		{30873DBF-CD7D-73C4-A7F3-04CEA905C6E5}.Debug|Android.Deploy.0 = Debug|Android
		{30873DBF-CD7D-73C4-A7F3-04CEA905C6E5}.Debug|Win32.ActiveCfg = Debug|Win32
		{30873DBF-CD7D-73C4-A7F3-04CEA905C6E5}.Debug|Win32.Build.0 = Debug|Win32
		{30873DBF-CD7D-73C4-A7F3-04CEA905C6E5}.Release Library|Android.ActiveCfg = Release Library|Android
		{30873DBF-CD7D-73C4-A7F3-04CEA905C6E5}.Release Library|Android.Build.0 = Release Library|Android
		{30873DBF-CD7D-73C4-A7F3-04CEA905C6E5}.Release Library|Android.Deploy.0 = Release Library|Android
		{30873DBF-CD7D-73C4-A7F3-04CEA905C6E5}.Release Library|Win32.ActiveCfg = Release Library|Win32
		{30873DBF-CD7D-73C4-A7F3-04CEA905C6E5}.Release Library|Win32.Build.0 = Release Library|Win32
		{30873DBF-CD7D-73C4-A7F3-04CEA905C6E5}.Release|Android.ActiveCfg = Release|Android
		{30873DBF-CD7D-73C4-A7F3-04CEA905C6E5}.Release|Android.Build.0 = Release|Android
		{30873DBF-CD7D-73C4-A7F3-04CEA905C6E5}.Release|Android.Deploy.0 = Release|Android
		{30873DBF-CD7D-73C4-A7F3-04CEA905C6E5}.Release|Win32.ActiveCfg = Release|Win32
		{30873DBF-CD7D-73C4-A7F3-04CEA905C6E5}.Release|Win32.Build.0 = Release|Win32
		{9B36B6FE-7FC0-434F-A71F-BBEF8099F1D8}.Debug Library|Android.ActiveCfg = Debug Library|Android
		{9B36B6FE-7FC0-434F-A71F-BBEF8099F1D8}.Debug Library|Android.Build.0 = Debug Library|Android
		{9B36B6FE-7FC0-434F-A71F-BBEF8099F1D8}.Debug Library|Android.Deploy.0 = Debug Library|Android
		{9B36B6FE-7FC0-434F-A71F-BBEF8099F1D8}.Debug Library|Win32.ActiveCfg = Debug Library|Win32
		{9B36B6FE-7FC0-434F-A71F-BBEF8099F1D8}.Debug Library|Win32.Build.0 = Debug Library|Win32
		{9B36B6FE-7FC0-434F-A71F-BBEF8099F1D8}.Debug|Android.ActiveCfg = Debug|Android
		{9B36B6FE-7FC0-434F-A71F-BBEF8099F1D8}.Debug|Android.Build.0 = Debug|Android
		{9B36B6FE-7FC0-434F-A71F-BBEF8099F1D8}.Debug|Android.Deploy.0 = Debug|Android
		{9B36B6FE-7FC0-434F-A71F-BBEF8099F1D8}.Debug|Win32.ActiveCfg = Debug|Win32
		{9B36B6FE-7FC0-434F-A71F-BBEF8099F1D8}.Debug|Win32.Build.0 = Debug|Win32
		{9B36B6FE-7FC0-434F-A71F-BBEF8099F1D8}.Release Library|Android.ActiveCfg = Release Library|Android
		{9B36B6FE-7FC0-434F-A71F-BBEF8099F1D8}.Release Library|Android.Build.0 = Release Library|Android
		{9B36B6FE-7FC0-434F-A71F-BBEF8099F1D8}.Release Library|Android.Deploy.0 = Release Library|Android
		{9B36B6FE-7FC0-434F-A71F-BBEF8099F1D8}.Release Library|Win32.ActiveCfg = Release Library|Win32
		{9B36B6FE-7FC0-434F-A71F-BBEF8099F1D8}.Release Library|Win32.Build.0 = Release Library|Win32
		{9B36B6FE-7FC0-434F-A71F-BBEF8099F1D8}.Release|Android.ActiveCfg = Release|Android
		{9B36B6FE-7FC0-434F-A71F-BBEF8099F1D8}.Release|Android.Build.0 = Release|Android
		{9B36B6FE-7FC0-434F-A71F-BBEF8099F1D8}.Release|Android.Deploy.0 = Release|Android
		{9B36B6FE-7FC0-434F-A71F-BBEF8099F1D8}.Release|Win32.ActiveCfg = Release|Win32
		{9B36B6FE-7FC0-434F-A71F-BBEF8099F1D8}.Release|Win32.Build.0 = Release|Win32
		{EB33566E-DA7F-4D28-9077-88C0B7C77E35}.Debug Library|Android.ActiveCfg = Release|Android
		{EB33566E-DA7F-4D28-9077-88C0B7C77E35}.Debug Library|Android.Build.0 = Release|Android
		{EB33566E-DA7F-4D28-9077-88C0B7C77E35}.Debug Library|Android.Deploy.0 = Release|Android
		{EB33566E-DA7F-4D28-9077-88C0B7C77E35}.Debug Library|Win32.ActiveCfg = Release|Win32
		{EB33566E-DA7F-4D28-9077-88C0B7C77E35}.Debug Library|Win32.Build.0 = Release|Win32
		{EB33566E-DA7F-4D28-9077-88C0B7C77E35}.Debug|Android.ActiveCfg = Release|Android
		{EB33566E-DA7F-4D28-9077-88C0B7C77E35}.Debug|Android.Build.0 = Release|Android
		{EB33566E-DA7F-4D28-9077-88C0B7C77E35}.Debug|Android.Deploy.0 = Release|Android
		{EB33566E-DA7F-4D28-9077-88C0B7C77E35}.Debug|Win32.ActiveCfg = Release|Win32
		{EB33566E-DA7F-4D28-9077-88C0B7C77E35}.Debug|Win32.Build.0 = Release|Win32
		{EB33566E-DA7F-4D28-9077-88C0B7C77E35}.Release Library|Android.ActiveCfg = Release|Android
		{EB33566E-DA7F-4D28-9077-88C0B7C77E35}.Release Library|Android.Build.0 = Release|Android
		{EB33566E-DA7F-4D28-9077-88C0B7C77E35}.Release Library|Android.Deploy.0 = Release|Android
		{EB33566E-DA7F-4D28-9077-88C0B7C77E35}.Release Library|Win32.ActiveCfg = Release|Win32
		{EB33566E-DA7F-4D28-9077-88C0B7C77E35}.Release Library|Win32.Build.0 = Release|Win32
		{EB33566E-DA7F-4D28-9077-88C0B7C77E35}.Release|Android.ActiveCfg = Release|Android
		{EB33566E-DA7F-4D28-9077-88C0B7C77E35}.Release|Android.Build.0 = Release|Android
		{EB33566E-DA7F-4D28-9077-88C0B7C77E35}.Release|Android.Deploy.0 = Release|Android
		{EB33566E-DA7F-4D28-9077-88C0B7C77E35}.Release|Win32.ActiveCfg = Release|Win32
		{EB33566E-DA7F-4D28-9077-88C0B7C77E35}.Release|Win32.Build.0 = Release|Win32
	EndGlobalSection
	GlobalSection(SolutionProperties) = preSolution
		HideSolutionNode = FALSE
	EndGlobalSection
EndGlobal
