
Microsoft Visual Studio Solution File, Format Version 10.00
# Visual C++ Express 2008
Project("{8BC9CEB8-8B4A-11D0-8D11-00A0C91BC942}") = "StormLib", "StormLib.vcproj", "{78424708-1F6E-4D4B-920C-FB6D26847055}"
EndProject
Project("{8BC9CEB8-8B4A-11D0-8D11-00A0C91BC942}") = "StormLib_dll", "StormLib_dll.vcproj", "{CB385198-50B1-4CF4-883B-11F042DED6AA}"
EndProject
Project("{8BC9CEB8-8B4A-11D0-8D11-00A0C91BC942}") = "StormLib_test", "StormLib_test.vcproj", "{AA561A7B-26EA-49AF-90E8-C53C1FA2965D}"
EndProject
Global
	GlobalSection(SolutionConfigurationPlatforms) = preSolution
		Debug|Win32 = Debug|Win32
		DebugAD|Win32 = DebugAD|Win32
		DebugAS|Win32 = DebugAS|Win32
		DebugUD|Win32 = DebugUD|Win32
		DebugUS|Win32 = DebugUS|Win32
		Release|Win32 = Release|Win32
		ReleaseAD|Win32 = ReleaseAD|Win32
		ReleaseAS|Win32 = ReleaseAS|Win32
		ReleaseUD|Win32 = ReleaseUD|Win32
		ReleaseUS|Win32 = ReleaseUS|Win32
	EndGlobalSection
	GlobalSection(ProjectConfigurationPlatforms) = postSolution
		{78424708-1F6E-4D4B-920C-FB6D26847055}.Debug|Win32.ActiveCfg = DebugUS|Win32
		{78424708-1F6E-4D4B-920C-FB6D26847055}.DebugAD|Win32.ActiveCfg = DebugAD|Win32
		{78424708-1F6E-4D4B-920C-FB6D26847055}.DebugAD|Win32.Build.0 = DebugAD|Win32
		{78424708-1F6E-4D4B-920C-FB6D26847055}.DebugAS|Win32.ActiveCfg = DebugAS|Win32
		{78424708-1F6E-4D4B-920C-FB6D26847055}.DebugAS|Win32.Build.0 = DebugAS|Win32
		{78424708-1F6E-4D4B-920C-FB6D26847055}.DebugUD|Win32.ActiveCfg = DebugUD|Win32
		{78424708-1F6E-4D4B-920C-FB6D26847055}.DebugUD|Win32.Build.0 = DebugUD|Win32
		{78424708-1F6E-4D4B-920C-FB6D26847055}.DebugUS|Win32.ActiveCfg = DebugUS|Win32
		{78424708-1F6E-4D4B-920C-FB6D26847055}.DebugUS|Win32.Build.0 = DebugUS|Win32
		{78424708-1F6E-4D4B-920C-FB6D26847055}.Release|Win32.ActiveCfg = ReleaseUS|Win32
		{78424708-1F6E-4D4B-920C-FB6D26847055}.ReleaseAD|Win32.ActiveCfg = ReleaseAD|Win32
		{78424708-1F6E-4D4B-920C-FB6D26847055}.ReleaseAD|Win32.Build.0 = ReleaseAD|Win32
		{78424708-1F6E-4D4B-920C-FB6D26847055}.ReleaseAS|Win32.ActiveCfg = ReleaseAS|Win32
		{78424708-1F6E-4D4B-920C-FB6D26847055}.ReleaseAS|Win32.Build.0 = ReleaseAS|Win32
		{78424708-1F6E-4D4B-920C-FB6D26847055}.ReleaseUD|Win32.ActiveCfg = ReleaseUD|Win32
		{78424708-1F6E-4D4B-920C-FB6D26847055}.ReleaseUD|Win32.Build.0 = ReleaseUD|Win32
		{78424708-1F6E-4D4B-920C-FB6D26847055}.ReleaseUS|Win32.ActiveCfg = ReleaseUS|Win32
		{78424708-1F6E-4D4B-920C-FB6D26847055}.ReleaseUS|Win32.Build.0 = ReleaseUS|Win32
		{CB385198-50B1-4CF4-883B-11F042DED6AA}.Debug|Win32.ActiveCfg = Debug|Win32
		{CB385198-50B1-4CF4-883B-11F042DED6AA}.Debug|Win32.Build.0 = Debug|Win32
		{CB385198-50B1-4CF4-883B-11F042DED6AA}.DebugAD|Win32.ActiveCfg = Debug|Win32
		{CB385198-50B1-4CF4-883B-11F042DED6AA}.DebugAS|Win32.ActiveCfg = Debug|Win32
		{CB385198-50B1-4CF4-883B-11F042DED6AA}.DebugUD|Win32.ActiveCfg = Debug|Win32
		{CB385198-50B1-4CF4-883B-11F042DED6AA}.DebugUS|Win32.ActiveCfg = Debug|Win32
		{CB385198-50B1-4CF4-883B-11F042DED6AA}.Release|Win32.ActiveCfg = Release|Win32
		{CB385198-50B1-4CF4-883B-11F042DED6AA}.Release|Win32.Build.0 = Release|Win32
		{CB385198-50B1-4CF4-883B-11F042DED6AA}.ReleaseAD|Win32.ActiveCfg = Release|Win32
		{CB385198-50B1-4CF4-883B-11F042DED6AA}.ReleaseAS|Win32.ActiveCfg = Release|Win32
		{CB385198-50B1-4CF4-883B-11F042DED6AA}.ReleaseUD|Win32.ActiveCfg = Release|Win32
		{CB385198-50B1-4CF4-883B-11F042DED6AA}.ReleaseUS|Win32.ActiveCfg = Release|Win32
		{AA561A7B-26EA-49AF-90E8-C53C1FA2965D}.Debug|Win32.ActiveCfg = Debug|Win32
		{AA561A7B-26EA-49AF-90E8-C53C1FA2965D}.Debug|Win32.Build.0 = Debug|Win32
		{AA561A7B-26EA-49AF-90E8-C53C1FA2965D}.DebugAD|Win32.ActiveCfg = Debug|Win32
		{AA561A7B-26EA-49AF-90E8-C53C1FA2965D}.DebugAS|Win32.ActiveCfg = Debug|Win32
		{AA561A7B-26EA-49AF-90E8-C53C1FA2965D}.DebugUD|Win32.ActiveCfg = Debug|Win32
		{AA561A7B-26EA-49AF-90E8-C53C1FA2965D}.DebugUS|Win32.ActiveCfg = Debug|Win32
		{AA561A7B-26EA-49AF-90E8-C53C1FA2965D}.Release|Win32.ActiveCfg = Release|Win32
		{AA561A7B-26EA-49AF-90E8-C53C1FA2965D}.Release|Win32.Build.0 = Release|Win32
		{AA561A7B-26EA-49AF-90E8-C53C1FA2965D}.ReleaseAD|Win32.ActiveCfg = Release|Win32
		{AA561A7B-26EA-49AF-90E8-C53C1FA2965D}.ReleaseAS|Win32.ActiveCfg = Release|Win32
		{AA561A7B-26EA-49AF-90E8-C53C1FA2965D}.ReleaseUD|Win32.ActiveCfg = Release|Win32
		{AA561A7B-26EA-49AF-90E8-C53C1FA2965D}.ReleaseUS|Win32.ActiveCfg = Release|Win32
	EndGlobalSection
	GlobalSection(SolutionProperties) = preSolution
		HideSolutionNode = FALSE
	EndGlobalSection
EndGlobal
